// !$*UTF8*$!
{
	archiveVersion = 1;
	classes = {
	};
	objectVersion = 56;
	objects = {

/* Begin PBXBuildFile section */
		9710298D2AA819E4009438F2 /* TextBootcamp.swift in Sources */ = {isa = PBXBuildFile; fileRef = 9710298C2AA819E4009438F2 /* TextBootcamp.swift */; };
		9710298F2AA825C4009438F2 /* ShapesBootcamp.swift in Sources */ = {isa = PBXBuildFile; fileRef = 9710298E2AA825C4009438F2 /* ShapesBootcamp.swift */; };
		971029912AA849BF009438F2 /* ShapeCircle.swift in Sources */ = {isa = PBXBuildFile; fileRef = 971029902AA849BF009438F2 /* ShapeCircle.swift */; };
		9710E9262AAA07B6001AE36B /* GradientBootcamp.swift in Sources */ = {isa = PBXBuildFile; fileRef = 9710E9252AAA07B6001AE36B /* GradientBootcamp.swift */; };
		973CD62B2AA8C4C400B3E42A /* ShapeEllipse.swift in Sources */ = {isa = PBXBuildFile; fileRef = 973CD62A2AA8C4C400B3E42A /* ShapeEllipse.swift */; };
		973CD62D2AA8C8C500B3E42A /* ColorBootcamp.swift in Sources */ = {isa = PBXBuildFile; fileRef = 973CD62C2AA8C8C500B3E42A /* ColorBootcamp.swift */; };
		97404C1B2AA88718007F80B2 /* ShapeRectangle.swift in Sources */ = {isa = PBXBuildFile; fileRef = 97404C1A2AA88718007F80B2 /* ShapeRectangle.swift */; };
		97404C1D2AA88738007F80B2 /* ShapeRoundedRectangle.swift in Sources */ = {isa = PBXBuildFile; fileRef = 97404C1C2AA88738007F80B2 /* ShapeRoundedRectangle.swift */; };
		97404C1F2AA88AE6007F80B2 /* ShapeLoginPage.swift in Sources */ = {isa = PBXBuildFile; fileRef = 97404C1E2AA88AE6007F80B2 /* ShapeLoginPage.swift */; };
		978D37D62AA76EEC00051875 /* SwiftUIBootcampApp.swift in Sources */ = {isa = PBXBuildFile; fileRef = 978D37D52AA76EEC00051875 /* SwiftUIBootcampApp.swift */; };
		978D37D82AA76EEC00051875 /* ContentView.swift in Sources */ = {isa = PBXBuildFile; fileRef = 978D37D72AA76EEC00051875 /* ContentView.swift */; };
		978D37DA2AA76EED00051875 /* Assets.xcassets in Resources */ = {isa = PBXBuildFile; fileRef = 978D37D92AA76EED00051875 /* Assets.xcassets */; };
		978D37DD2AA76EED00051875 /* Preview Assets.xcassets in Resources */ = {isa = PBXBuildFile; fileRef = 978D37DC2AA76EED00051875 /* Preview Assets.xcassets */; };
		97A346822AAA9A0B003FA17A /* IconsBootcamp.swift in Sources */ = {isa = PBXBuildFile; fileRef = 97A346812AAA9A0B003FA17A /* IconsBootcamp.swift */; };
/* End PBXBuildFile section */

/* Begin PBXFileReference section */
		9710298C2AA819E4009438F2 /* TextBootcamp.swift */ = {isa = PBXFileReference; lastKnownFileType = sourcecode.swift; path = TextBootcamp.swift; sourceTree = "<group>"; };
		9710298E2AA825C4009438F2 /* ShapesBootcamp.swift */ = {isa = PBXFileReference; lastKnownFileType = sourcecode.swift; path = ShapesBootcamp.swift; sourceTree = "<group>"; };
		971029902AA849BF009438F2 /* ShapeCircle.swift */ = {isa = PBXFileReference; lastKnownFileType = sourcecode.swift; path = ShapeCircle.swift; sourceTree = "<group>"; };
		9710E9252AAA07B6001AE36B /* GradientBootcamp.swift */ = {isa = PBXFileReference; lastKnownFileType = sourcecode.swift; path = GradientBootcamp.swift; sourceTree = "<group>"; };
		973CD62A2AA8C4C400B3E42A /* ShapeEllipse.swift */ = {isa = PBXFileReference; lastKnownFileType = sourcecode.swift; path = ShapeEllipse.swift; sourceTree = "<group>"; };
		973CD62C2AA8C8C500B3E42A /* ColorBootcamp.swift */ = {isa = PBXFileReference; lastKnownFileType = sourcecode.swift; path = ColorBootcamp.swift; sourceTree = "<group>"; };
		97404C1A2AA88718007F80B2 /* ShapeRectangle.swift */ = {isa = PBXFileReference; lastKnownFileType = sourcecode.swift; path = ShapeRectangle.swift; sourceTree = "<group>"; };
		97404C1C2AA88738007F80B2 /* ShapeRoundedRectangle.swift */ = {isa = PBXFileReference; lastKnownFileType = sourcecode.swift; path = ShapeRoundedRectangle.swift; sourceTree = "<group>"; };
		97404C1E2AA88AE6007F80B2 /* ShapeLoginPage.swift */ = {isa = PBXFileReference; lastKnownFileType = sourcecode.swift; path = ShapeLoginPage.swift; sourceTree = "<group>"; xcLanguageSpecificationIdentifier = xcode.lang.swift; };
		978D37D22AA76EEC00051875 /* SwiftUIBootcamp.app */ = {isa = PBXFileReference; explicitFileType = wrapper.application; includeInIndex = 0; path = SwiftUIBootcamp.app; sourceTree = BUILT_PRODUCTS_DIR; };
		978D37D52AA76EEC00051875 /* SwiftUIBootcampApp.swift */ = {isa = PBXFileReference; lastKnownFileType = sourcecode.swift; path = SwiftUIBootcampApp.swift; sourceTree = "<group>"; };
		978D37D72AA76EEC00051875 /* ContentView.swift */ = {isa = PBXFileReference; lastKnownFileType = sourcecode.swift; path = ContentView.swift; sourceTree = "<group>"; };
		978D37D92AA76EED00051875 /* Assets.xcassets */ = {isa = PBXFileReference; lastKnownFileType = folder.assetcatalog; path = Assets.xcassets; sourceTree = "<group>"; };
		978D37DC2AA76EED00051875 /* Preview Assets.xcassets */ = {isa = PBXFileReference; lastKnownFileType = folder.assetcatalog; path = "Preview Assets.xcassets"; sourceTree = "<group>"; };
		97A346812AAA9A0B003FA17A /* IconsBootcamp.swift */ = {isa = PBXFileReference; lastKnownFileType = sourcecode.swift; path = IconsBootcamp.swift; sourceTree = "<group>"; };
/* End PBXFileReference section */

/* Begin PBXFrameworksBuildPhase section */
		978D37CF2AA76EEC00051875 /* Frameworks */ = {
			isa = PBXFrameworksBuildPhase;
			buildActionMask = 2147483647;
			files = (
			);
			runOnlyForDeploymentPostprocessing = 0;
		};
/* End PBXFrameworksBuildPhase section */

/* Begin PBXGroup section */
		971029922AA849C8009438F2 /* Shapes */ = {
			isa = PBXGroup;
			children = (
				971029902AA849BF009438F2 /* ShapeCircle.swift */,
				9710298E2AA825C4009438F2 /* ShapesBootcamp.swift */,
				97404C1A2AA88718007F80B2 /* ShapeRectangle.swift */,
				97404C1C2AA88738007F80B2 /* ShapeRoundedRectangle.swift */,
				97404C1E2AA88AE6007F80B2 /* ShapeLoginPage.swift */,
				973CD62A2AA8C4C400B3E42A /* ShapeEllipse.swift */,
			);
			path = Shapes;
			sourceTree = "<group>";
		};
		9710E9272AAA07C0001AE36B /* Color */ = {
			isa = PBXGroup;
			children = (
				973CD62C2AA8C8C500B3E42A /* ColorBootcamp.swift */,
				9710E9252AAA07B6001AE36B /* GradientBootcamp.swift */,
			);
			path = Color;
			sourceTree = "<group>";
		};
		978D37C92AA76EEB00051875 = {
			isa = PBXGroup;
			children = (
				978D37D42AA76EEC00051875 /* SwiftUIBootcamp */,
				978D37D32AA76EEC00051875 /* Products */,
			);
			sourceTree = "<group>";
		};
		978D37D32AA76EEC00051875 /* Products */ = {
			isa = PBXGroup;
			children = (
				978D37D22AA76EEC00051875 /* SwiftUIBootcamp.app */,
			);
			name = Products;
			sourceTree = "<group>";
		};
		978D37D42AA76EEC00051875 /* SwiftUIBootcamp */ = {
			isa = PBXGroup;
			children = (
				97A346812AAA9A0B003FA17A /* IconsBootcamp.swift */,
				9710298C2AA819E4009438F2 /* TextBootcamp.swift */,
				978D37D52AA76EEC00051875 /* SwiftUIBootcampApp.swift */,
				9710E9272AAA07C0001AE36B /* Color */,
				971029922AA849C8009438F2 /* Shapes */,
				978D37D72AA76EEC00051875 /* ContentView.swift */,
				978D37D92AA76EED00051875 /* Assets.xcassets */,
				978D37DB2AA76EED00051875 /* Preview Content */,
			);
			path = SwiftUIBootcamp;
			sourceTree = "<group>";
		};
		978D37DB2AA76EED00051875 /* Preview Content */ = {
			isa = PBXGroup;
			children = (
				978D37DC2AA76EED00051875 /* Preview Assets.xcassets */,
			);
			path = "Preview Content";
			sourceTree = "<group>";
		};
/* End PBXGroup section */

/* Begin PBXNativeTarget section */
		978D37D12AA76EEC00051875 /* SwiftUIBootcamp */ = {
			isa = PBXNativeTarget;
			buildConfigurationList = 978D37E02AA76EED00051875 /* Build configuration list for PBXNativeTarget "SwiftUIBootcamp" */;
			buildPhases = (
				978D37CE2AA76EEC00051875 /* Sources */,
				978D37CF2AA76EEC00051875 /* Frameworks */,
				978D37D02AA76EEC00051875 /* Resources */,
			);
			buildRules = (
			);
			dependencies = (
			);
			name = SwiftUIBootcamp;
			productName = SwiftUIBootcamp;
			productReference = 978D37D22AA76EEC00051875 /* SwiftUIBootcamp.app */;
			productType = "com.apple.product-type.application";
		};
/* End PBXNativeTarget section */

/* Begin PBXProject section */
		978D37CA2AA76EEB00051875 /* Project object */ = {
			isa = PBXProject;
			attributes = {
				BuildIndependentTargetsInParallel = 1;
				LastSwiftUpdateCheck = 1430;
				LastUpgradeCheck = 1430;
				TargetAttributes = {
					978D37D12AA76EEC00051875 = {
						CreatedOnToolsVersion = 14.3.1;
					};
				};
			};
			buildConfigurationList = 978D37CD2AA76EEB00051875 /* Build configuration list for PBXProject "SwiftUIBootcamp" */;
			compatibilityVersion = "Xcode 14.0";
			developmentRegion = en;
			hasScannedForEncodings = 0;
			knownRegions = (
				en,
				Base,
			);
			mainGroup = 978D37C92AA76EEB00051875;
			productRefGroup = 978D37D32AA76EEC00051875 /* Products */;
			projectDirPath = "";
			projectRoot = "";
			targets = (
				978D37D12AA76EEC00051875 /* SwiftUIBootcamp */,
			);
		};
/* End PBXProject section */

/* Begin PBXResourcesBuildPhase section */
		978D37D02AA76EEC00051875 /* Resources */ = {
			isa = PBXResourcesBuildPhase;
			buildActionMask = 2147483647;
			files = (
				978D37DD2AA76EED00051875 /* Preview Assets.xcassets in Resources */,
				978D37DA2AA76EED00051875 /* Assets.xcassets in Resources */,
			);
			runOnlyForDeploymentPostprocessing = 0;
		};
/* End PBXResourcesBuildPhase section */

/* Begin PBXSourcesBuildPhase section */
		978D37CE2AA76EEC00051875 /* Sources */ = {
			isa = PBXSourcesBuildPhase;
			buildActionMask = 2147483647;
			files = (
				973CD62D2AA8C8C500B3E42A /* ColorBootcamp.swift in Sources */,
				9710298F2AA825C4009438F2 /* ShapesBootcamp.swift in Sources */,
				973CD62B2AA8C4C400B3E42A /* ShapeEllipse.swift in Sources */,
				97A346822AAA9A0B003FA17A /* IconsBootcamp.swift in Sources */,
				971029912AA849BF009438F2 /* ShapeCircle.swift in Sources */,
				978D37D82AA76EEC00051875 /* ContentView.swift in Sources */,
				97404C1B2AA88718007F80B2 /* ShapeRectangle.swift in Sources */,
				97404C1D2AA88738007F80B2 /* ShapeRoundedRectangle.swift in Sources */,
				9710E9262AAA07B6001AE36B /* GradientBootcamp.swift in Sources */,
				9710298D2AA819E4009438F2 /* TextBootcamp.swift in Sources */,
				97404C1F2AA88AE6007F80B2 /* ShapeLoginPage.swift in Sources */,
				978D37D62AA76EEC00051875 /* SwiftUIBootcampApp.swift in Sources */,
			);
			runOnlyForDeploymentPostprocessing = 0;
		};
/* End PBXSourcesBuildPhase section */

/* Begin XCBuildConfiguration section */
		978D37DE2AA76EED00051875 /* Debug */ = {
			isa = XCBuildConfiguration;
			buildSettings = {
				ALWAYS_SEARCH_USER_PATHS = NO;
				CLANG_ANALYZER_NONNULL = YES;
				CLANG_ANALYZER_NUMBER_OBJECT_CONVERSION = YES_AGGRESSIVE;
				CLANG_CXX_LANGUAGE_STANDARD = "gnu++20";
				CLANG_ENABLE_MODULES = YES;
				CLANG_ENABLE_OBJC_ARC = YES;
				CLANG_ENABLE_OBJC_WEAK = YES;
				CLANG_WARN_BLOCK_CAPTURE_AUTORELEASING = YES;
				CLANG_WARN_BOOL_CONVERSION = YES;
				CLANG_WARN_COMMA = YES;
				CLANG_WARN_CONSTANT_CONVERSION = YES;
				CLANG_WARN_DEPRECATED_OBJC_IMPLEMENTATIONS = YES;
				CLANG_WARN_DIRECT_OBJC_ISA_USAGE = YES_ERROR;
				CLANG_WARN_DOCUMENTATION_COMMENTS = YES;
				CLANG_WARN_EMPTY_BODY = YES;
				CLANG_WARN_ENUM_CONVERSION = YES;
				CLANG_WARN_INFINITE_RECURSION = YES;
				CLANG_WARN_INT_CONVERSION = YES;
				CLANG_WARN_NON_LITERAL_NULL_CONVERSION = YES;
				CLANG_WARN_OBJC_IMPLICIT_RETAIN_SELF = YES;
				CLANG_WARN_OBJC_LITERAL_CONVERSION = YES;
				CLANG_WARN_OBJC_ROOT_CLASS = YES_ERROR;
				CLANG_WARN_QUOTED_INCLUDE_IN_FRAMEWORK_HEADER = YES;
				CLANG_WARN_RANGE_LOOP_ANALYSIS = YES;
				CLANG_WARN_STRICT_PROTOTYPES = YES;
				CLANG_WARN_SUSPICIOUS_MOVE = YES;
				CLANG_WARN_UNGUARDED_AVAILABILITY = YES_AGGRESSIVE;
				CLANG_WARN_UNREACHABLE_CODE = YES;
				CLANG_WARN__DUPLICATE_METHOD_MATCH = YES;
				COPY_PHASE_STRIP = NO;
				DEBUG_INFORMATION_FORMAT = dwarf;
				ENABLE_STRICT_OBJC_MSGSEND = YES;
				ENABLE_TESTABILITY = YES;
				GCC_C_LANGUAGE_STANDARD = gnu11;
				GCC_DYNAMIC_NO_PIC = NO;
				GCC_NO_COMMON_BLOCKS = YES;
				GCC_OPTIMIZATION_LEVEL = 0;
				GCC_PREPROCESSOR_DEFINITIONS = (
					"DEBUG=1",
					"$(inherited)",
				);
				GCC_WARN_64_TO_32_BIT_CONVERSION = YES;
				GCC_WARN_ABOUT_RETURN_TYPE = YES_ERROR;
				GCC_WARN_UNDECLARED_SELECTOR = YES;
				GCC_WARN_UNINITIALIZED_AUTOS = YES_AGGRESSIVE;
				GCC_WARN_UNUSED_FUNCTION = YES;
				GCC_WARN_UNUSED_VARIABLE = YES;
				IPHONEOS_DEPLOYMENT_TARGET = 16.4;
				MTL_ENABLE_DEBUG_INFO = INCLUDE_SOURCE;
				MTL_FAST_MATH = YES;
				ONLY_ACTIVE_ARCH = YES;
				SDKROOT = iphoneos;
				SWIFT_ACTIVE_COMPILATION_CONDITIONS = DEBUG;
				SWIFT_OPTIMIZATION_LEVEL = "-Onone";
			};
			name = Debug;
		};
		978D37DF2AA76EED00051875 /* Release */ = {
			isa = XCBuildConfiguration;
			buildSettings = {
				ALWAYS_SEARCH_USER_PATHS = NO;
				CLANG_ANALYZER_NONNULL = YES;
				CLANG_ANALYZER_NUMBER_OBJECT_CONVERSION = YES_AGGRESSIVE;
				CLANG_CXX_LANGUAGE_STANDARD = "gnu++20";
				CLANG_ENABLE_MODULES = YES;
				CLANG_ENABLE_OBJC_ARC = YES;
				CLANG_ENABLE_OBJC_WEAK = YES;
				CLANG_WARN_BLOCK_CAPTURE_AUTORELEASING = YES;
				CLANG_WARN_BOOL_CONVERSION = YES;
				CLANG_WARN_COMMA = YES;
				CLANG_WARN_CONSTANT_CONVERSION = YES;
				CLANG_WARN_DEPRECATED_OBJC_IMPLEMENTATIONS = YES;
				CLANG_WARN_DIRECT_OBJC_ISA_USAGE = YES_ERROR;
				CLANG_WARN_DOCUMENTATION_COMMENTS = YES;
				CLANG_WARN_EMPTY_BODY = YES;
				CLANG_WARN_ENUM_CONVERSION = YES;
				CLANG_WARN_INFINITE_RECURSION = YES;
				CLANG_WARN_INT_CONVERSION = YES;
				CLANG_WARN_NON_LITERAL_NULL_CONVERSION = YES;
				CLANG_WARN_OBJC_IMPLICIT_RETAIN_SELF = YES;
				CLANG_WARN_OBJC_LITERAL_CONVERSION = YES;
				CLANG_WARN_OBJC_ROOT_CLASS = YES_ERROR;
				CLANG_WARN_QUOTED_INCLUDE_IN_FRAMEWORK_HEADER = YES;
				CLANG_WARN_RANGE_LOOP_ANALYSIS = YES;
				CLANG_WARN_STRICT_PROTOTYPES = YES;
				CLANG_WARN_SUSPICIOUS_MOVE = YES;
				CLANG_WARN_UNGUARDED_AVAILABILITY = YES_AGGRESSIVE;
				CLANG_WARN_UNREACHABLE_CODE = YES;
				CLANG_WARN__DUPLICATE_METHOD_MATCH = YES;
				COPY_PHASE_STRIP = NO;
				DEBUG_INFORMATION_FORMAT = "dwarf-with-dsym";
				ENABLE_NS_ASSERTIONS = NO;
				ENABLE_STRICT_OBJC_MSGSEND = YES;
				GCC_C_LANGUAGE_STANDARD = gnu11;
				GCC_NO_COMMON_BLOCKS = YES;
				GCC_WARN_64_TO_32_BIT_CONVERSION = YES;
				GCC_WARN_ABOUT_RETURN_TYPE = YES_ERROR;
				GCC_WARN_UNDECLARED_SELECTOR = YES;
				GCC_WARN_UNINITIALIZED_AUTOS = YES_AGGRESSIVE;
				GCC_WARN_UNUSED_FUNCTION = YES;
				GCC_WARN_UNUSED_VARIABLE = YES;
				IPHONEOS_DEPLOYMENT_TARGET = 16.4;
				MTL_ENABLE_DEBUG_INFO = NO;
				MTL_FAST_MATH = YES;
				SDKROOT = iphoneos;
				SWIFT_COMPILATION_MODE = wholemodule;
				SWIFT_OPTIMIZATION_LEVEL = "-O";
				VALIDATE_PRODUCT = YES;
			};
			name = Release;
		};
		978D37E12AA76EED00051875 /* Debug */ = {
			isa = XCBuildConfiguration;
			buildSettings = {
				ASSETCATALOG_COMPILER_APPICON_NAME = AppIcon;
				ASSETCATALOG_COMPILER_GLOBAL_ACCENT_COLOR_NAME = AccentColor;
				CODE_SIGN_STYLE = Automatic;
				CURRENT_PROJECT_VERSION = 1;
				DEVELOPMENT_ASSET_PATHS = "\"SwiftUIBootcamp/Preview Content\"";
				ENABLE_PREVIEWS = YES;
				GENERATE_INFOPLIST_FILE = YES;
				INFOPLIST_KEY_UIApplicationSceneManifest_Generation = YES;
				INFOPLIST_KEY_UIApplicationSupportsIndirectInputEvents = YES;
				INFOPLIST_KEY_UILaunchScreen_Generation = YES;
				INFOPLIST_KEY_UISupportedInterfaceOrientations_iPad = "UIInterfaceOrientationPortrait UIInterfaceOrientationPortraitUpsideDown UIInterfaceOrientationLandscapeLeft UIInterfaceOrientationLandscapeRight";
				INFOPLIST_KEY_UISupportedInterfaceOrientations_iPhone = "UIInterfaceOrientationPortrait UIInterfaceOrientationLandscapeLeft UIInterfaceOrientationLandscapeRight";
				LD_RUNPATH_SEARCH_PATHS = (
					"$(inherited)",
					"@executable_path/Frameworks",
				);
				MARKETING_VERSION = 1.0;
				PRODUCT_BUNDLE_IDENTIFIER = com.example.SwiftUIBootcamp;
				PRODUCT_NAME = "$(TARGET_NAME)";
				SWIFT_EMIT_LOC_STRINGS = YES;
				SWIFT_VERSION = 5.0;
				TARGETED_DEVICE_FAMILY = "1,2";
			};
			name = Debug;
		};
		978D37E22AA76EED00051875 /* Release */ = {
			isa = XCBuildConfiguration;
			buildSettings = {
				ASSETCATALOG_COMPILER_APPICON_NAME = AppIcon;
				ASSETCATALOG_COMPILER_GLOBAL_ACCENT_COLOR_NAME = AccentColor;
				CODE_SIGN_STYLE = Automatic;
				CURRENT_PROJECT_VERSION = 1;
				DEVELOPMENT_ASSET_PATHS = "\"SwiftUIBootcamp/Preview Content\"";
				ENABLE_PREVIEWS = YES;
				GENERATE_INFOPLIST_FILE = YES;
				INFOPLIST_KEY_UIApplicationSceneManifest_Generation = YES;
				INFOPLIST_KEY_UIApplicationSupportsIndirectInputEvents = YES;
				INFOPLIST_KEY_UILaunchScreen_Generation = YES;
				INFOPLIST_KEY_UISupportedInterfaceOrientations_iPad = "UIInterfaceOrientationPortrait UIInterfaceOrientationPortraitUpsideDown UIInterfaceOrientationLandscapeLeft UIInterfaceOrientationLandscapeRight";
				INFOPLIST_KEY_UISupportedInterfaceOrientations_iPhone = "UIInterfaceOrientationPortrait UIInterfaceOrientationLandscapeLeft UIInterfaceOrientationLandscapeRight";
				LD_RUNPATH_SEARCH_PATHS = (
					"$(inherited)",
					"@executable_path/Frameworks",
				);
				MARKETING_VERSION = 1.0;
				PRODUCT_BUNDLE_IDENTIFIER = com.example.SwiftUIBootcamp;
				PRODUCT_NAME = "$(TARGET_NAME)";
				SWIFT_EMIT_LOC_STRINGS = YES;
				SWIFT_VERSION = 5.0;
				TARGETED_DEVICE_FAMILY = "1,2";
			};
			name = Release;
		};
/* End XCBuildConfiguration section */

/* Begin XCConfigurationList section */
		978D37CD2AA76EEB00051875 /* Build configuration list for PBXProject "SwiftUIBootcamp" */ = {
			isa = XCConfigurationList;
			buildConfigurations = (
				978D37DE2AA76EED00051875 /* Debug */,
				978D37DF2AA76EED00051875 /* Release */,
			);
			defaultConfigurationIsVisible = 0;
			defaultConfigurationName = Release;
		};
		978D37E02AA76EED00051875 /* Build configuration list for PBXNativeTarget "SwiftUIBootcamp" */ = {
			isa = XCConfigurationList;
			buildConfigurations = (
				978D37E12AA76EED00051875 /* Debug */,
				978D37E22AA76EED00051875 /* Release */,
			);
			defaultConfigurationIsVisible = 0;
			defaultConfigurationName = Release;
		};
/* End XCConfigurationList section */
	};
	rootObject = 978D37CA2AA76EEB00051875 /* Project object */;
}
