// !$*UTF8*$!
{
	archiveVersion = 1;
	classes = {
	};
	objectVersion = 56;
	objects = {

/* Begin PBXBuildFile section */
		97037ED72AD3982E00E39682 /* NavigationViewBootcamp.swift in Sources */ = {isa = PBXBuildFile; fileRef = 97037ED62AD3982E00E39682 /* NavigationViewBootcamp.swift */; };
		970D463F2AB166B300FE2559 /* InitializerBootcamp.swift in Sources */ = {isa = PBXBuildFile; fileRef = 970D463E2AB166B300FE2559 /* InitializerBootcamp.swift */; };
		970D46442AB1956700FE2559 /* EnumBootcamp.swift in Sources */ = {isa = PBXBuildFile; fileRef = 970D46432AB1956700FE2559 /* EnumBootcamp.swift */; };
		970D46462AB19BD600FE2559 /* ForEachBootcamp.swift in Sources */ = {isa = PBXBuildFile; fileRef = 970D46452AB19BD600FE2559 /* ForEachBootcamp.swift */; };
		970D46492AB1A2EB00FE2559 /* ForEachData.swift in Sources */ = {isa = PBXBuildFile; fileRef = 970D46482AB1A2EB00FE2559 /* ForEachData.swift */; };
		970DFB222ADCE5A000118E46 /* DictionariesView.swift in Sources */ = {isa = PBXBuildFile; fileRef = 970DFB212ADCE5A000118E46 /* DictionariesView.swift */; };
		9710298D2AA819E4009438F2 /* TextBootcamp.swift in Sources */ = {isa = PBXBuildFile; fileRef = 9710298C2AA819E4009438F2 /* TextBootcamp.swift */; };
		9710298F2AA825C4009438F2 /* ShapesBootcamp.swift in Sources */ = {isa = PBXBuildFile; fileRef = 9710298E2AA825C4009438F2 /* ShapesBootcamp.swift */; };
		971029912AA849BF009438F2 /* ShapeCircle.swift in Sources */ = {isa = PBXBuildFile; fileRef = 971029902AA849BF009438F2 /* ShapeCircle.swift */; };
		9710E9262AAA07B6001AE36B /* GradientBootcamp.swift in Sources */ = {isa = PBXBuildFile; fileRef = 9710E9252AAA07B6001AE36B /* GradientBootcamp.swift */; };
		9716A2852ACD0A27000B03F9 /* ConditionalsView.swift in Sources */ = {isa = PBXBuildFile; fileRef = 9716A2842ACD0A27000B03F9 /* ConditionalsView.swift */; };
		97175C042B04561D00F87640 /* HotelDetail.swift in Sources */ = {isa = PBXBuildFile; fileRef = 97175C032B04561D00F87640 /* HotelDetail.swift */; };
		971E59112ACA9C140063E4D1 /* ConditionalBootcamp.swift in Sources */ = {isa = PBXBuildFile; fileRef = 971E59102ACA9C140063E4D1 /* ConditionalBootcamp.swift */; };
		971E59142ACAA9D60063E4D1 /* AakuDanKamu.swift in Sources */ = {isa = PBXBuildFile; fileRef = 971E59132ACAA9D60063E4D1 /* AakuDanKamu.swift */; };
		971E59162ACAAD490063E4D1 /* AkuDanKamu.swift in Sources */ = {isa = PBXBuildFile; fileRef = 971E59152ACAAD490063E4D1 /* AkuDanKamu.swift */; };
		972A82F42AD7C5B00060B895 /* ActionSheetBootcamp.swift in Sources */ = {isa = PBXBuildFile; fileRef = 972A82F32AD7C5B00060B895 /* ActionSheetBootcamp.swift */; };
		972DCCED2AABE18700C61CCE /* FrameBootcamp.swift in Sources */ = {isa = PBXBuildFile; fileRef = 972DCCEC2AABE18700C61CCE /* FrameBootcamp.swift */; };
		972DCCEF2AABE68700C61CCE /* Frames.swift in Sources */ = {isa = PBXBuildFile; fileRef = 972DCCEE2AABE68700C61CCE /* Frames.swift */; };
		972DCCF22AABED5100C61CCE /* Background.swift in Sources */ = {isa = PBXBuildFile; fileRef = 972DCCF12AABED5100C61CCE /* Background.swift */; };
		972DCCF42AABF2A900C61CCE /* Overlay.swift in Sources */ = {isa = PBXBuildFile; fileRef = 972DCCF32AABF2A900C61CCE /* Overlay.swift */; };
		973044072AE1640900CD003A /* StateWrapperView.swift in Sources */ = {isa = PBXBuildFile; fileRef = 973044062AE1640900CD003A /* StateWrapperView.swift */; };
		973044092AE17C9000CD003A /* BindingWrapperView.swift in Sources */ = {isa = PBXBuildFile; fileRef = 973044082AE17C9000CD003A /* BindingWrapperView.swift */; };
		9739472B2B034D73000DD9DF /* AlertTraining.swift in Sources */ = {isa = PBXBuildFile; fileRef = 9739472A2B034D73000DD9DF /* AlertTraining.swift */; };
		9739472D2B035093000DD9DF /* AppStorageBoootcamp.swift in Sources */ = {isa = PBXBuildFile; fileRef = 9739472C2B035093000DD9DF /* AppStorageBoootcamp.swift */; };
		973CD62B2AA8C4C400B3E42A /* ShapeEllipse.swift in Sources */ = {isa = PBXBuildFile; fileRef = 973CD62A2AA8C4C400B3E42A /* ShapeEllipse.swift */; };
		973CD62D2AA8C8C500B3E42A /* ColorBootcamp.swift in Sources */ = {isa = PBXBuildFile; fileRef = 973CD62C2AA8C8C500B3E42A /* ColorBootcamp.swift */; };
		973D09512AD2E2CE0050050C /* SheetsBootcamp.swift in Sources */ = {isa = PBXBuildFile; fileRef = 973D09502AD2E2CE0050050C /* SheetsBootcamp.swift */; };
		973D09532AD2F0240050050C /* PopOverBootcamp.swift in Sources */ = {isa = PBXBuildFile; fileRef = 973D09522AD2F0240050050C /* PopOverBootcamp.swift */; };
		973D09562AD2F58A0050050C /* PopOverWithTransition.swift in Sources */ = {isa = PBXBuildFile; fileRef = 973D09552AD2F58A0050050C /* PopOverWithTransition.swift */; };
		973EDF062AE2AE0800D6081B /* BindingExample.swift in Sources */ = {isa = PBXBuildFile; fileRef = 973EDF052AE2AE0800D6081B /* BindingExample.swift */; };
		973EDF082AE2B0E600D6081B /* ObservedObjectView.swift in Sources */ = {isa = PBXBuildFile; fileRef = 973EDF072AE2B0E600D6081B /* ObservedObjectView.swift */; };
		973EDF0A2AE2B2CB00D6081B /* StateObjectView.swift in Sources */ = {isa = PBXBuildFile; fileRef = 973EDF092AE2B2CB00D6081B /* StateObjectView.swift */; };
		97404C1B2AA88718007F80B2 /* ShapeRectangle.swift in Sources */ = {isa = PBXBuildFile; fileRef = 97404C1A2AA88718007F80B2 /* ShapeRectangle.swift */; };
		97404C1D2AA88738007F80B2 /* ShapeRoundedRectangle.swift in Sources */ = {isa = PBXBuildFile; fileRef = 97404C1C2AA88738007F80B2 /* ShapeRoundedRectangle.swift */; };
		97404C1F2AA88AE6007F80B2 /* ShapeLoginPage.swift in Sources */ = {isa = PBXBuildFile; fileRef = 97404C1E2AA88AE6007F80B2 /* ShapeLoginPage.swift */; };
		9744EF642AAF102B00908F76 /* KinaraCard.swift in Sources */ = {isa = PBXBuildFile; fileRef = 9744EF632AAF102B00908F76 /* KinaraCard.swift */; };
		9746B84A2AADB9560043B26B /* OverlayCircle.swift in Sources */ = {isa = PBXBuildFile; fileRef = 9746B8492AADB9560043B26B /* OverlayCircle.swift */; };
		974A120B2AE7E6CB00493245 /* CarView.swift in Sources */ = {isa = PBXBuildFile; fileRef = 974A120A2AE7E6CB00493245 /* CarView.swift */; };
		974C1A432ACFED3D003F87E6 /* AnimationBootcamp.swift in Sources */ = {isa = PBXBuildFile; fileRef = 974C1A422ACFED3D003F87E6 /* AnimationBootcamp.swift */; };
		974E7BFD2AB1E64100AD2300 /* ForEachArray.swift in Sources */ = {isa = PBXBuildFile; fileRef = 974E7BFC2AB1E64100AD2300 /* ForEachArray.swift */; };
		974E7BFF2AB1F7B800AD2300 /* ScrollViewBootcamp.swift in Sources */ = {isa = PBXBuildFile; fileRef = 974E7BFE2AB1F7B800AD2300 /* ScrollViewBootcamp.swift */; };
		974E7C012AB1FB4D00AD2300 /* HorizontalScrollView.swift in Sources */ = {isa = PBXBuildFile; fileRef = 974E7C002AB1FB4D00AD2300 /* HorizontalScrollView.swift */; };
		974FF5152AAD5771007A3840 /* OverlayIcon.swift in Sources */ = {isa = PBXBuildFile; fileRef = 974FF5142AAD5771007A3840 /* OverlayIcon.swift */; };
		974FF5172AAD6DFF007A3840 /* LinearGradientBound.swift in Sources */ = {isa = PBXBuildFile; fileRef = 974FF5162AAD6DFF007A3840 /* LinearGradientBound.swift */; };
		974FF5192AAD7F02007A3840 /* OverlayIconInstagram.swift in Sources */ = {isa = PBXBuildFile; fileRef = 974FF5182AAD7F02007A3840 /* OverlayIconInstagram.swift */; };
		9755CE582AD55FD20008EE7D /* AlertBootcamp.swift in Sources */ = {isa = PBXBuildFile; fileRef = 9755CE572AD55FD20008EE7D /* AlertBootcamp.swift */; };
		97565E852AE55F47009597D4 /* NumberManager.swift in Sources */ = {isa = PBXBuildFile; fileRef = 97565E842AE55F47009597D4 /* NumberManager.swift */; };
		97565E872AE55F99009597D4 /* BlackView.swift in Sources */ = {isa = PBXBuildFile; fileRef = 97565E862AE55F99009597D4 /* BlackView.swift */; };
		9758D1DF2B1872B900E6BF56 /* FocusStateBootcamp.swift in Sources */ = {isa = PBXBuildFile; fileRef = 9758D1DE2B1872B900E6BF56 /* FocusStateBootcamp.swift */; };
		97593FBE2AC5B115004037EF /* BindingBootcamp.swift in Sources */ = {isa = PBXBuildFile; fileRef = 97593FBD2AC5B115004037EF /* BindingBootcamp.swift */; };
		975D35092ADE67CA001D4FED /* ModelBootcamp.swift in Sources */ = {isa = PBXBuildFile; fileRef = 975D35082ADE67CA001D4FED /* ModelBootcamp.swift */; };
		975D350E2ADE72FD001D4FED /* UserModel.swift in Sources */ = {isa = PBXBuildFile; fileRef = 975D350D2ADE72FD001D4FED /* UserModel.swift */; };
		975D35102ADE7364001D4FED /* UserListView.swift in Sources */ = {isa = PBXBuildFile; fileRef = 975D350F2ADE7364001D4FED /* UserListView.swift */; };
		975D35122ADE7641001D4FED /* UserProfileView.swift in Sources */ = {isa = PBXBuildFile; fileRef = 975D35112ADE7641001D4FED /* UserProfileView.swift */; };
		975F2D352AE8EE110048E4C6 /* MainDashboard.swift in Sources */ = {isa = PBXBuildFile; fileRef = 975F2D342AE8EE110048E4C6 /* MainDashboard.swift */; };
		975F2D372AE8EE630048E4C6 /* DeviceManager.swift in Sources */ = {isa = PBXBuildFile; fileRef = 975F2D362AE8EE630048E4C6 /* DeviceManager.swift */; };
		975F2D392AE8F17B0048E4C6 /* DeviceModel.swift in Sources */ = {isa = PBXBuildFile; fileRef = 975F2D382AE8F17B0048E4C6 /* DeviceModel.swift */; };
		975F2D3B2AE8F52C0048E4C6 /* DeviceDetailView.swift in Sources */ = {isa = PBXBuildFile; fileRef = 975F2D3A2AE8F52C0048E4C6 /* DeviceDetailView.swift */; };
		975F2D3D2AE901D70048E4C6 /* DeviceFinalView.swift in Sources */ = {isa = PBXBuildFile; fileRef = 975F2D3C2AE901D70048E4C6 /* DeviceFinalView.swift */; };
		9760592A2B16D86100FF1D9C /* AsyncImageBootcamp.swift in Sources */ = {isa = PBXBuildFile; fileRef = 976059292B16D86100FF1D9C /* AsyncImageBootcamp.swift */; };
		9760592C2B16E0C100FF1D9C /* BackgorundMaterialBootcamp.swift in Sources */ = {isa = PBXBuildFile; fileRef = 9760592B2B16E0C100FF1D9C /* BackgorundMaterialBootcamp.swift */; };
		9760592E2B16E3F900FF1D9C /* TextSelectionBootcamp.swift in Sources */ = {isa = PBXBuildFile; fileRef = 9760592D2B16E3F900FF1D9C /* TextSelectionBootcamp.swift */; };
		976059302B1723D800FF1D9C /* ButtonStyleBootcamp.swift in Sources */ = {isa = PBXBuildFile; fileRef = 9760592F2B1723D800FF1D9C /* ButtonStyleBootcamp.swift */; };
		976059322B1727AA00FF1D9C /* ListSwipeActionsBootcamp.swift in Sources */ = {isa = PBXBuildFile; fileRef = 976059312B1727AA00FF1D9C /* ListSwipeActionsBootcamp.swift */; };
		9767C9A82AD13B5C006167F5 /* MoveTransition.swift in Sources */ = {isa = PBXBuildFile; fileRef = 9767C9A72AD13B5C006167F5 /* MoveTransition.swift */; };
		9767C9AA2AD13DA1006167F5 /* OpacityTransition.swift in Sources */ = {isa = PBXBuildFile; fileRef = 9767C9A92AD13DA1006167F5 /* OpacityTransition.swift */; };
		977A6C5C2AB2971E005F9422 /* PinkDisplayRegular.ttf in Resources */ = {isa = PBXBuildFile; fileRef = 977A6C582AB2971E005F9422 /* PinkDisplayRegular.ttf */; };
		977CD54B2AE8040300555648 /* CitizenView.swift in Sources */ = {isa = PBXBuildFile; fileRef = 977CD54A2AE8040300555648 /* CitizenView.swift */; };
		977CD54D2AE8075200555648 /* CitizenManager.swift in Sources */ = {isa = PBXBuildFile; fileRef = 977CD54C2AE8075200555648 /* CitizenManager.swift */; };
		977CD54F2AE80F0300555648 /* CitizenDetailView.swift in Sources */ = {isa = PBXBuildFile; fileRef = 977CD54E2AE80F0300555648 /* CitizenDetailView.swift */; };
		977CD5512AE80F9C00555648 /* CitizenModel.swift in Sources */ = {isa = PBXBuildFile; fileRef = 977CD5502AE80F9C00555648 /* CitizenModel.swift */; };
		9780506F2B1440D300445CD4 /* PickerBootcamp.swift in Sources */ = {isa = PBXBuildFile; fileRef = 9780506E2B1440D300445CD4 /* PickerBootcamp.swift */; };
		9783ABAA2AB0AA1B004629E6 /* SpacerExampleInstagram.swift in Sources */ = {isa = PBXBuildFile; fileRef = 9783ABA92AB0AA1B004629E6 /* SpacerExampleInstagram.swift */; };
		978858412B18B6A400D37F17 /* CustomTabView.swift in Sources */ = {isa = PBXBuildFile; fileRef = 978858402B18B6A400D37F17 /* CustomTabView.swift */; };
		978858432B18D36000D37F17 /* SubmitTextFieldBootcamp.swift in Sources */ = {isa = PBXBuildFile; fileRef = 978858422B18D36000D37F17 /* SubmitTextFieldBootcamp.swift */; };
		978D37D62AA76EEC00051875 /* SwiftUIBootcampApp.swift in Sources */ = {isa = PBXBuildFile; fileRef = 978D37D52AA76EEC00051875 /* SwiftUIBootcampApp.swift */; };
		978D37D82AA76EEC00051875 /* ContentView.swift in Sources */ = {isa = PBXBuildFile; fileRef = 978D37D72AA76EEC00051875 /* ContentView.swift */; };
		978D37DA2AA76EED00051875 /* Assets.xcassets in Resources */ = {isa = PBXBuildFile; fileRef = 978D37D92AA76EED00051875 /* Assets.xcassets */; };
		978D37DD2AA76EED00051875 /* Preview Assets.xcassets in Resources */ = {isa = PBXBuildFile; fileRef = 978D37DC2AA76EED00051875 /* Preview Assets.xcassets */; };
		978D520D2AAF6A6C00C59F54 /* FloopyDiskStack.swift in Sources */ = {isa = PBXBuildFile; fileRef = 978D520C2AAF6A6C00C59F54 /* FloopyDiskStack.swift */; };
		978E1EC92AC8748F00ACDC28 /* SijawaraDashboardClone.swift in Sources */ = {isa = PBXBuildFile; fileRef = 978E1EC82AC8748F00ACDC28 /* SijawaraDashboardClone.swift */; };
		978E1ECE2AC87EBE00ACDC28 /* Dashboard.swift in Sources */ = {isa = PBXBuildFile; fileRef = 978E1ECD2AC87EBE00ACDC28 /* Dashboard.swift */; };
		9790E7DC2B05EA97009133B4 /* IntroView.swift in Sources */ = {isa = PBXBuildFile; fileRef = 9790E7DB2B05EA97009133B4 /* IntroView.swift */; };
		9790E7DE2B05ED8C009133B4 /* OnboardingView.swift in Sources */ = {isa = PBXBuildFile; fileRef = 9790E7DD2B05ED8C009133B4 /* OnboardingView.swift */; };
		9794158B2AE7A11E0024BF4B /* carsData.json in Resources */ = {isa = PBXBuildFile; fileRef = 9794158A2AE7A11E0024BF4B /* carsData.json */; };
		979415972AE7A5D30024BF4B /* CarModel.swift in Sources */ = {isa = PBXBuildFile; fileRef = 979415962AE7A5D30024BF4B /* CarModel.swift */; };
		9794159D2AE7B3290024BF4B /* CarManager.swift in Sources */ = {isa = PBXBuildFile; fileRef = 9794159C2AE7B3290024BF4B /* CarManager.swift */; };
		9797FD702AE417740014E717 /* EnvironmentObjectView.swift in Sources */ = {isa = PBXBuildFile; fileRef = 9797FD6F2AE417740014E717 /* EnvironmentObjectView.swift */; };
		97A346822AAA9A0B003FA17A /* IconsBootcamp.swift in Sources */ = {isa = PBXBuildFile; fileRef = 97A346812AAA9A0B003FA17A /* IconsBootcamp.swift */; };
		97A346842AAAA8C8003FA17A /* ImagesBootcamp.swift in Sources */ = {isa = PBXBuildFile; fileRef = 97A346832AAAA8C8003FA17A /* ImagesBootcamp.swift */; };
		97AA4BFA2B063EEF003E5011 /* BasicPicker.swift in Sources */ = {isa = PBXBuildFile; fileRef = 97AA4BF92B063EEF003E5011 /* BasicPicker.swift */; };
		97AA4BFC2B0642A5003E5011 /* EnumPicker.swift in Sources */ = {isa = PBXBuildFile; fileRef = 97AA4BFB2B0642A5003E5011 /* EnumPicker.swift */; };
		97AC98332AC306A1006C69A2 /* ExtractedFunction.swift in Sources */ = {isa = PBXBuildFile; fileRef = 97AC98322AC306A1006C69A2 /* ExtractedFunction.swift */; };
		97AC98352AC311A3006C69A2 /* ExtractSubviewsBootcamp.swift in Sources */ = {isa = PBXBuildFile; fileRef = 97AC98342AC311A3006C69A2 /* ExtractSubviewsBootcamp.swift */; };
		97B4CB9C2B182BC80080F47C /* BadgesBootcamp.swift in Sources */ = {isa = PBXBuildFile; fileRef = 97B4CB9B2B182BC80080F47C /* BadgesBootcamp.swift */; };
		97B91CBA2ADE9131007E0380 /* userData.json in Resources */ = {isa = PBXBuildFile; fileRef = 97B91CB92ADE9131007E0380 /* userData.json */; };
		97BA15B62ACD0F0A00C37792 /* TernaryBootcamp.swift in Sources */ = {isa = PBXBuildFile; fileRef = 97BA15B52ACD0F0A00C37792 /* TernaryBootcamp.swift */; };
		97BA15B92ACD3A5400C37792 /* LightTernary.swift in Sources */ = {isa = PBXBuildFile; fileRef = 97BA15B82ACD3A5400C37792 /* LightTernary.swift */; };
		97BB21C72AEA45D800D4462C /* CartView.swift in Sources */ = {isa = PBXBuildFile; fileRef = 97BB21C62AEA45D800D4462C /* CartView.swift */; };
		97BC53CE2AD042C300FC25B8 /* AnimationTimingBootcamp.swift in Sources */ = {isa = PBXBuildFile; fileRef = 97BC53CD2AD042C300FC25B8 /* AnimationTimingBootcamp.swift */; };
		97BC53D02AD0560200FC25B8 /* SpringAnimation.swift in Sources */ = {isa = PBXBuildFile; fileRef = 97BC53CF2AD0560200FC25B8 /* SpringAnimation.swift */; };
		97C1741D2AB2A14700C674DB /* TextPink.swift in Sources */ = {isa = PBXBuildFile; fileRef = 97C1741C2AB2A14700C674DB /* TextPink.swift */; };
		97C174202AB2A35000C674DB /* PinkishRegular.ttf in Resources */ = {isa = PBXBuildFile; fileRef = 97C1741F2AB2A35000C674DB /* PinkishRegular.ttf */; };
		97C174222AB2A79800C674DB /* pricedown.otf in Resources */ = {isa = PBXBuildFile; fileRef = 97C174212AB2A79800C674DB /* pricedown.otf */; };
		97CDC7D42AB2ED9700E39153 /* LazyVGridBootcamp.swift in Sources */ = {isa = PBXBuildFile; fileRef = 97CDC7D32AB2ED9700E39153 /* LazyVGridBootcamp.swift */; };
		97D6607A2B147F2400795AA0 /* HalamanProfil.swift in Sources */ = {isa = PBXBuildFile; fileRef = 97D660792B147F2400795AA0 /* HalamanProfil.swift */; };
		97D77D6D2ADEC1DE00B4484B /* HomeViewBuah.swift in Sources */ = {isa = PBXBuildFile; fileRef = 97D77D6C2ADEC1DE00B4484B /* HomeViewBuah.swift */; };
		97D77D712ADEC21900B4484B /* ModelFruit.swift in Sources */ = {isa = PBXBuildFile; fileRef = 97D77D702ADEC21900B4484B /* ModelFruit.swift */; };
		97D77D742ADEC23D00B4484B /* fruitsData.json in Resources */ = {isa = PBXBuildFile; fileRef = 97D77D732ADEC23D00B4484B /* fruitsData.json */; };
		97D77D782ADECE4000B4484B /* FruitsListView.swift in Sources */ = {isa = PBXBuildFile; fileRef = 97D77D772ADECE4000B4484B /* FruitsListView.swift */; };
		97D77D7A2ADECFD200B4484B /* FruitsDetail.swift in Sources */ = {isa = PBXBuildFile; fileRef = 97D77D792ADECFD200B4484B /* FruitsDetail.swift */; };
		97D7EA4D2AAEE8D9001B2839 /* CardView.swift in Sources */ = {isa = PBXBuildFile; fileRef = 97D7EA4C2AAEE8D9001B2839 /* CardView.swift */; };
		97D7EA4F2AAEEE5A001B2839 /* CardViewKinara.swift in Sources */ = {isa = PBXBuildFile; fileRef = 97D7EA4E2AAEEE5A001B2839 /* CardViewKinara.swift */; };
		97DC69852AFB314900FA80FB /* AlertSingleOK.swift in Sources */ = {isa = PBXBuildFile; fileRef = 97DC69842AFB314900FA80FB /* AlertSingleOK.swift */; };
		97DC69872AFB3A6800FA80FB /* AlertWithBinding.swift in Sources */ = {isa = PBXBuildFile; fileRef = 97DC69862AFB3A6800FA80FB /* AlertWithBinding.swift */; };
		97DE09192AD4EC86007D3F48 /* NavView.swift in Sources */ = {isa = PBXBuildFile; fileRef = 97DE09182AD4EC86007D3F48 /* NavView.swift */; };
		97DE091B2AD52354007D3F48 /* ListBootcamp.swift in Sources */ = {isa = PBXBuildFile; fileRef = 97DE091A2AD52354007D3F48 /* ListBootcamp.swift */; };
		97DE52352AED4E550042F319 /* ContextMenuBootcamp.swift in Sources */ = {isa = PBXBuildFile; fileRef = 97DE52342AED4E550042F319 /* ContextMenuBootcamp.swift */; };
		97DE52372AED53790042F319 /* TextfieldBootcamp.swift in Sources */ = {isa = PBXBuildFile; fileRef = 97DE52362AED53790042F319 /* TextfieldBootcamp.swift */; };
		97DE52392AED62A50042F319 /* StepperBootcamp.swift in Sources */ = {isa = PBXBuildFile; fileRef = 97DE52382AED62A50042F319 /* StepperBootcamp.swift */; };
		97E67C9C2AAEBD75007D9E1E /* StacksBootcamp.swift in Sources */ = {isa = PBXBuildFile; fileRef = 97E67C9B2AAEBD75007D9E1E /* StacksBootcamp.swift */; };
		97E67C9E2AAEBE02007D9E1E /* KinaraImage.swift in Sources */ = {isa = PBXBuildFile; fileRef = 97E67C9D2AAEBE02007D9E1E /* KinaraImage.swift */; };
		97E67CA12AAECB4E007D9E1E /* StacksAlignment.swift in Sources */ = {isa = PBXBuildFile; fileRef = 97E67CA02AAECB4E007D9E1E /* StacksAlignment.swift */; };
		97E6D0722AC1BCF200824E3A /* SafeAreaBootcamp.swift in Sources */ = {isa = PBXBuildFile; fileRef = 97E6D0712AC1BCF200824E3A /* SafeAreaBootcamp.swift */; };
		97E6D0742AC1C3D100824E3A /* ButtonBootcamp.swift in Sources */ = {isa = PBXBuildFile; fileRef = 97E6D0732AC1C3D100824E3A /* ButtonBootcamp.swift */; };
		97E6D0772AC1D3EE00824E3A /* StateBootcamp.swift in Sources */ = {isa = PBXBuildFile; fileRef = 97E6D0762AC1D3EE00824E3A /* StateBootcamp.swift */; };
		97EA12BC2AB03D4300E40832 /* PaddingBootcamp.swift in Sources */ = {isa = PBXBuildFile; fileRef = 97EA12BB2AB03D4300E40832 /* PaddingBootcamp.swift */; };
		97EA12BE2AB03D4E00E40832 /* SpacerBootcamp.swift in Sources */ = {isa = PBXBuildFile; fileRef = 97EA12BD2AB03D4E00E40832 /* SpacerBootcamp.swift */; };
		97EDCA8E2ABC8536004C26AC /* LazyVGridCustom.swift in Sources */ = {isa = PBXBuildFile; fileRef = 97EDCA8D2ABC8536004C26AC /* LazyVGridCustom.swift */; };
		97EDCA902ABC884D004C26AC /* LazyGridAdaptive.swift in Sources */ = {isa = PBXBuildFile; fileRef = 97EDCA8F2ABC884D004C26AC /* LazyGridAdaptive.swift */; };
		97F1A2912AD0F6F4001477E3 /* TransitionBootcamp.swift in Sources */ = {isa = PBXBuildFile; fileRef = 97F1A2902AD0F6F4001477E3 /* TransitionBootcamp.swift */; };
		97F9ECF62ACACCC100D1821A /* CardCircle.swift in Sources */ = {isa = PBXBuildFile; fileRef = 97F9ECF52ACACCC100D1821A /* CardCircle.swift */; };
		97FDD68A2B1858FB0013F21F /* BadgesList.swift in Sources */ = {isa = PBXBuildFile; fileRef = 97FDD6892B1858FB0013F21F /* BadgesList.swift */; };
		97FDD68D2B185B2D0013F21F /* TabViewBootcamp.swift in Sources */ = {isa = PBXBuildFile; fileRef = 97FDD68C2B185B2D0013F21F /* TabViewBootcamp.swift */; };
		97FDD68F2B1862920013F21F /* SettingView.swift in Sources */ = {isa = PBXBuildFile; fileRef = 97FDD68E2B1862920013F21F /* SettingView.swift */; };
/* End PBXBuildFile section */

/* Begin PBXFileReference section */
		97037ED62AD3982E00E39682 /* NavigationViewBootcamp.swift */ = {isa = PBXFileReference; lastKnownFileType = sourcecode.swift; path = NavigationViewBootcamp.swift; sourceTree = "<group>"; };
		970D463E2AB166B300FE2559 /* InitializerBootcamp.swift */ = {isa = PBXFileReference; lastKnownFileType = sourcecode.swift; path = InitializerBootcamp.swift; sourceTree = "<group>"; };
		970D46432AB1956700FE2559 /* EnumBootcamp.swift */ = {isa = PBXFileReference; lastKnownFileType = sourcecode.swift; path = EnumBootcamp.swift; sourceTree = "<group>"; };
		970D46452AB19BD600FE2559 /* ForEachBootcamp.swift */ = {isa = PBXFileReference; lastKnownFileType = sourcecode.swift; path = ForEachBootcamp.swift; sourceTree = "<group>"; };
		970D46482AB1A2EB00FE2559 /* ForEachData.swift */ = {isa = PBXFileReference; lastKnownFileType = sourcecode.swift; path = ForEachData.swift; sourceTree = "<group>"; };
		970DFB212ADCE5A000118E46 /* DictionariesView.swift */ = {isa = PBXFileReference; lastKnownFileType = sourcecode.swift; path = DictionariesView.swift; sourceTree = "<group>"; };
		9710298C2AA819E4009438F2 /* TextBootcamp.swift */ = {isa = PBXFileReference; lastKnownFileType = sourcecode.swift; path = TextBootcamp.swift; sourceTree = "<group>"; };
		9710298E2AA825C4009438F2 /* ShapesBootcamp.swift */ = {isa = PBXFileReference; lastKnownFileType = sourcecode.swift; path = ShapesBootcamp.swift; sourceTree = "<group>"; };
		971029902AA849BF009438F2 /* ShapeCircle.swift */ = {isa = PBXFileReference; lastKnownFileType = sourcecode.swift; path = ShapeCircle.swift; sourceTree = "<group>"; };
		9710E9252AAA07B6001AE36B /* GradientBootcamp.swift */ = {isa = PBXFileReference; lastKnownFileType = sourcecode.swift; path = GradientBootcamp.swift; sourceTree = "<group>"; };
		9716A2842ACD0A27000B03F9 /* ConditionalsView.swift */ = {isa = PBXFileReference; lastKnownFileType = sourcecode.swift; path = ConditionalsView.swift; sourceTree = "<group>"; };
		97175C032B04561D00F87640 /* HotelDetail.swift */ = {isa = PBXFileReference; lastKnownFileType = sourcecode.swift; path = HotelDetail.swift; sourceTree = "<group>"; };
		971E59102ACA9C140063E4D1 /* ConditionalBootcamp.swift */ = {isa = PBXFileReference; lastKnownFileType = sourcecode.swift; path = ConditionalBootcamp.swift; sourceTree = "<group>"; };
		971E59132ACAA9D60063E4D1 /* AakuDanKamu.swift */ = {isa = PBXFileReference; lastKnownFileType = sourcecode.swift; path = AakuDanKamu.swift; sourceTree = "<group>"; };
		971E59152ACAAD490063E4D1 /* AkuDanKamu.swift */ = {isa = PBXFileReference; lastKnownFileType = sourcecode.swift; path = AkuDanKamu.swift; sourceTree = "<group>"; };
		97219A7C2AEBFB25003D9D5F /* arrayExample.playground */ = {isa = PBXFileReference; lastKnownFileType = file.playground; name = arrayExample.playground; path = ../../arrayExample.playground; sourceTree = "<group>"; xcLanguageSpecificationIdentifier = xcode.lang.swift; };
		972A82F32AD7C5B00060B895 /* ActionSheetBootcamp.swift */ = {isa = PBXFileReference; lastKnownFileType = sourcecode.swift; path = ActionSheetBootcamp.swift; sourceTree = "<group>"; };
		972DCCEC2AABE18700C61CCE /* FrameBootcamp.swift */ = {isa = PBXFileReference; lastKnownFileType = sourcecode.swift; path = FrameBootcamp.swift; sourceTree = "<group>"; };
		972DCCEE2AABE68700C61CCE /* Frames.swift */ = {isa = PBXFileReference; lastKnownFileType = sourcecode.swift; path = Frames.swift; sourceTree = "<group>"; };
		972DCCF12AABED5100C61CCE /* Background.swift */ = {isa = PBXFileReference; lastKnownFileType = sourcecode.swift; path = Background.swift; sourceTree = "<group>"; };
		972DCCF32AABF2A900C61CCE /* Overlay.swift */ = {isa = PBXFileReference; lastKnownFileType = sourcecode.swift; path = Overlay.swift; sourceTree = "<group>"; };
		973044062AE1640900CD003A /* StateWrapperView.swift */ = {isa = PBXFileReference; lastKnownFileType = sourcecode.swift; path = StateWrapperView.swift; sourceTree = "<group>"; };
		973044082AE17C9000CD003A /* BindingWrapperView.swift */ = {isa = PBXFileReference; lastKnownFileType = sourcecode.swift; path = BindingWrapperView.swift; sourceTree = "<group>"; };
		9739472A2B034D73000DD9DF /* AlertTraining.swift */ = {isa = PBXFileReference; lastKnownFileType = sourcecode.swift; path = AlertTraining.swift; sourceTree = "<group>"; };
		9739472C2B035093000DD9DF /* AppStorageBoootcamp.swift */ = {isa = PBXFileReference; lastKnownFileType = sourcecode.swift; path = AppStorageBoootcamp.swift; sourceTree = "<group>"; };
		973CD62A2AA8C4C400B3E42A /* ShapeEllipse.swift */ = {isa = PBXFileReference; lastKnownFileType = sourcecode.swift; path = ShapeEllipse.swift; sourceTree = "<group>"; };
		973CD62C2AA8C8C500B3E42A /* ColorBootcamp.swift */ = {isa = PBXFileReference; lastKnownFileType = sourcecode.swift; path = ColorBootcamp.swift; sourceTree = "<group>"; };
		973D09502AD2E2CE0050050C /* SheetsBootcamp.swift */ = {isa = PBXFileReference; lastKnownFileType = sourcecode.swift; path = SheetsBootcamp.swift; sourceTree = "<group>"; };
		973D09522AD2F0240050050C /* PopOverBootcamp.swift */ = {isa = PBXFileReference; lastKnownFileType = sourcecode.swift; path = PopOverBootcamp.swift; sourceTree = "<group>"; };
		973D09552AD2F58A0050050C /* PopOverWithTransition.swift */ = {isa = PBXFileReference; lastKnownFileType = sourcecode.swift; path = PopOverWithTransition.swift; sourceTree = "<group>"; };
		973EDF052AE2AE0800D6081B /* BindingExample.swift */ = {isa = PBXFileReference; lastKnownFileType = sourcecode.swift; path = BindingExample.swift; sourceTree = "<group>"; };
		973EDF072AE2B0E600D6081B /* ObservedObjectView.swift */ = {isa = PBXFileReference; lastKnownFileType = sourcecode.swift; path = ObservedObjectView.swift; sourceTree = "<group>"; };
		973EDF092AE2B2CB00D6081B /* StateObjectView.swift */ = {isa = PBXFileReference; lastKnownFileType = sourcecode.swift; path = StateObjectView.swift; sourceTree = "<group>"; };
		97404C1A2AA88718007F80B2 /* ShapeRectangle.swift */ = {isa = PBXFileReference; lastKnownFileType = sourcecode.swift; path = ShapeRectangle.swift; sourceTree = "<group>"; };
		97404C1C2AA88738007F80B2 /* ShapeRoundedRectangle.swift */ = {isa = PBXFileReference; lastKnownFileType = sourcecode.swift; path = ShapeRoundedRectangle.swift; sourceTree = "<group>"; };
		97404C1E2AA88AE6007F80B2 /* ShapeLoginPage.swift */ = {isa = PBXFileReference; lastKnownFileType = sourcecode.swift; path = ShapeLoginPage.swift; sourceTree = "<group>"; xcLanguageSpecificationIdentifier = xcode.lang.swift; };
		9744EF632AAF102B00908F76 /* KinaraCard.swift */ = {isa = PBXFileReference; lastKnownFileType = sourcecode.swift; path = KinaraCard.swift; sourceTree = "<group>"; };
		9746B8492AADB9560043B26B /* OverlayCircle.swift */ = {isa = PBXFileReference; lastKnownFileType = sourcecode.swift; path = OverlayCircle.swift; sourceTree = "<group>"; };
		974A120A2AE7E6CB00493245 /* CarView.swift */ = {isa = PBXFileReference; lastKnownFileType = sourcecode.swift; path = CarView.swift; sourceTree = "<group>"; };
		974C1A422ACFED3D003F87E6 /* AnimationBootcamp.swift */ = {isa = PBXFileReference; lastKnownFileType = sourcecode.swift; path = AnimationBootcamp.swift; sourceTree = "<group>"; };
		974E7BFC2AB1E64100AD2300 /* ForEachArray.swift */ = {isa = PBXFileReference; lastKnownFileType = sourcecode.swift; path = ForEachArray.swift; sourceTree = "<group>"; };
		974E7BFE2AB1F7B800AD2300 /* ScrollViewBootcamp.swift */ = {isa = PBXFileReference; lastKnownFileType = sourcecode.swift; path = ScrollViewBootcamp.swift; sourceTree = "<group>"; };
		974E7C002AB1FB4D00AD2300 /* HorizontalScrollView.swift */ = {isa = PBXFileReference; lastKnownFileType = sourcecode.swift; path = HorizontalScrollView.swift; sourceTree = "<group>"; };
		974FF5142AAD5771007A3840 /* OverlayIcon.swift */ = {isa = PBXFileReference; lastKnownFileType = sourcecode.swift; path = OverlayIcon.swift; sourceTree = "<group>"; };
		974FF5162AAD6DFF007A3840 /* LinearGradientBound.swift */ = {isa = PBXFileReference; lastKnownFileType = sourcecode.swift; path = LinearGradientBound.swift; sourceTree = "<group>"; };
		974FF5182AAD7F02007A3840 /* OverlayIconInstagram.swift */ = {isa = PBXFileReference; lastKnownFileType = sourcecode.swift; path = OverlayIconInstagram.swift; sourceTree = "<group>"; };
		9755CE572AD55FD20008EE7D /* AlertBootcamp.swift */ = {isa = PBXFileReference; lastKnownFileType = sourcecode.swift; path = AlertBootcamp.swift; sourceTree = "<group>"; };
		97565E842AE55F47009597D4 /* NumberManager.swift */ = {isa = PBXFileReference; lastKnownFileType = sourcecode.swift; path = NumberManager.swift; sourceTree = "<group>"; };
		97565E862AE55F99009597D4 /* BlackView.swift */ = {isa = PBXFileReference; lastKnownFileType = sourcecode.swift; path = BlackView.swift; sourceTree = "<group>"; };
		9758D1DE2B1872B900E6BF56 /* FocusStateBootcamp.swift */ = {isa = PBXFileReference; lastKnownFileType = sourcecode.swift; path = FocusStateBootcamp.swift; sourceTree = "<group>"; };
		97593FBD2AC5B115004037EF /* BindingBootcamp.swift */ = {isa = PBXFileReference; lastKnownFileType = sourcecode.swift; path = BindingBootcamp.swift; sourceTree = "<group>"; };
		975D35082ADE67CA001D4FED /* ModelBootcamp.swift */ = {isa = PBXFileReference; lastKnownFileType = sourcecode.swift; path = ModelBootcamp.swift; sourceTree = "<group>"; };
		975D350D2ADE72FD001D4FED /* UserModel.swift */ = {isa = PBXFileReference; lastKnownFileType = sourcecode.swift; path = UserModel.swift; sourceTree = "<group>"; };
		975D350F2ADE7364001D4FED /* UserListView.swift */ = {isa = PBXFileReference; lastKnownFileType = sourcecode.swift; path = UserListView.swift; sourceTree = "<group>"; };
		975D35112ADE7641001D4FED /* UserProfileView.swift */ = {isa = PBXFileReference; lastKnownFileType = sourcecode.swift; path = UserProfileView.swift; sourceTree = "<group>"; };
		975F2D342AE8EE110048E4C6 /* MainDashboard.swift */ = {isa = PBXFileReference; lastKnownFileType = sourcecode.swift; path = MainDashboard.swift; sourceTree = "<group>"; };
		975F2D362AE8EE630048E4C6 /* DeviceManager.swift */ = {isa = PBXFileReference; lastKnownFileType = sourcecode.swift; path = DeviceManager.swift; sourceTree = "<group>"; };
		975F2D382AE8F17B0048E4C6 /* DeviceModel.swift */ = {isa = PBXFileReference; lastKnownFileType = sourcecode.swift; path = DeviceModel.swift; sourceTree = "<group>"; };
		975F2D3A2AE8F52C0048E4C6 /* DeviceDetailView.swift */ = {isa = PBXFileReference; lastKnownFileType = sourcecode.swift; path = DeviceDetailView.swift; sourceTree = "<group>"; };
		975F2D3C2AE901D70048E4C6 /* DeviceFinalView.swift */ = {isa = PBXFileReference; lastKnownFileType = sourcecode.swift; path = DeviceFinalView.swift; sourceTree = "<group>"; };
		976059292B16D86100FF1D9C /* AsyncImageBootcamp.swift */ = {isa = PBXFileReference; lastKnownFileType = sourcecode.swift; path = AsyncImageBootcamp.swift; sourceTree = "<group>"; };
		9760592B2B16E0C100FF1D9C /* BackgorundMaterialBootcamp.swift */ = {isa = PBXFileReference; lastKnownFileType = sourcecode.swift; path = BackgorundMaterialBootcamp.swift; sourceTree = "<group>"; };
		9760592D2B16E3F900FF1D9C /* TextSelectionBootcamp.swift */ = {isa = PBXFileReference; lastKnownFileType = sourcecode.swift; path = TextSelectionBootcamp.swift; sourceTree = "<group>"; };
		9760592F2B1723D800FF1D9C /* ButtonStyleBootcamp.swift */ = {isa = PBXFileReference; lastKnownFileType = sourcecode.swift; path = ButtonStyleBootcamp.swift; sourceTree = "<group>"; };
		976059312B1727AA00FF1D9C /* ListSwipeActionsBootcamp.swift */ = {isa = PBXFileReference; lastKnownFileType = sourcecode.swift; path = ListSwipeActionsBootcamp.swift; sourceTree = "<group>"; };
		9767C9A72AD13B5C006167F5 /* MoveTransition.swift */ = {isa = PBXFileReference; lastKnownFileType = sourcecode.swift; path = MoveTransition.swift; sourceTree = "<group>"; };
		9767C9A92AD13DA1006167F5 /* OpacityTransition.swift */ = {isa = PBXFileReference; lastKnownFileType = sourcecode.swift; path = OpacityTransition.swift; sourceTree = "<group>"; };
		977A6C582AB2971E005F9422 /* PinkDisplayRegular.ttf */ = {isa = PBXFileReference; lastKnownFileType = file; path = PinkDisplayRegular.ttf; sourceTree = "<group>"; };
		977A6C5E2AB29A2A005F9422 /* Info.plist */ = {isa = PBXFileReference; lastKnownFileType = text.plist; path = Info.plist; sourceTree = "<group>"; };
		977CD54A2AE8040300555648 /* CitizenView.swift */ = {isa = PBXFileReference; lastKnownFileType = sourcecode.swift; path = CitizenView.swift; sourceTree = "<group>"; };
		977CD54C2AE8075200555648 /* CitizenManager.swift */ = {isa = PBXFileReference; lastKnownFileType = sourcecode.swift; path = CitizenManager.swift; sourceTree = "<group>"; };
		977CD54E2AE80F0300555648 /* CitizenDetailView.swift */ = {isa = PBXFileReference; lastKnownFileType = sourcecode.swift; path = CitizenDetailView.swift; sourceTree = "<group>"; };
		977CD5502AE80F9C00555648 /* CitizenModel.swift */ = {isa = PBXFileReference; lastKnownFileType = sourcecode.swift; path = CitizenModel.swift; sourceTree = "<group>"; };
		9780506E2B1440D300445CD4 /* PickerBootcamp.swift */ = {isa = PBXFileReference; lastKnownFileType = sourcecode.swift; path = PickerBootcamp.swift; sourceTree = "<group>"; };
		9783ABA92AB0AA1B004629E6 /* SpacerExampleInstagram.swift */ = {isa = PBXFileReference; lastKnownFileType = sourcecode.swift; path = SpacerExampleInstagram.swift; sourceTree = "<group>"; };
		978858402B18B6A400D37F17 /* CustomTabView.swift */ = {isa = PBXFileReference; lastKnownFileType = sourcecode.swift; path = CustomTabView.swift; sourceTree = "<group>"; };
		978858422B18D36000D37F17 /* SubmitTextFieldBootcamp.swift */ = {isa = PBXFileReference; lastKnownFileType = sourcecode.swift; path = SubmitTextFieldBootcamp.swift; sourceTree = "<group>"; };
		978D37D22AA76EEC00051875 /* SwiftUIBootcamp.app */ = {isa = PBXFileReference; explicitFileType = wrapper.application; includeInIndex = 0; path = SwiftUIBootcamp.app; sourceTree = BUILT_PRODUCTS_DIR; };
		978D37D52AA76EEC00051875 /* SwiftUIBootcampApp.swift */ = {isa = PBXFileReference; lastKnownFileType = sourcecode.swift; path = SwiftUIBootcampApp.swift; sourceTree = "<group>"; };
		978D37D72AA76EEC00051875 /* ContentView.swift */ = {isa = PBXFileReference; lastKnownFileType = sourcecode.swift; path = ContentView.swift; sourceTree = "<group>"; };
		978D37D92AA76EED00051875 /* Assets.xcassets */ = {isa = PBXFileReference; lastKnownFileType = folder.assetcatalog; path = Assets.xcassets; sourceTree = "<group>"; };
		978D37DC2AA76EED00051875 /* Preview Assets.xcassets */ = {isa = PBXFileReference; lastKnownFileType = folder.assetcatalog; path = "Preview Assets.xcassets"; sourceTree = "<group>"; };
		978D520C2AAF6A6C00C59F54 /* FloopyDiskStack.swift */ = {isa = PBXFileReference; lastKnownFileType = sourcecode.swift; path = FloopyDiskStack.swift; sourceTree = "<group>"; };
		978E1EC82AC8748F00ACDC28 /* SijawaraDashboardClone.swift */ = {isa = PBXFileReference; lastKnownFileType = sourcecode.swift; path = SijawaraDashboardClone.swift; sourceTree = "<group>"; };
		978E1ECD2AC87EBE00ACDC28 /* Dashboard.swift */ = {isa = PBXFileReference; lastKnownFileType = sourcecode.swift; path = Dashboard.swift; sourceTree = "<group>"; };
		9790E7DB2B05EA97009133B4 /* IntroView.swift */ = {isa = PBXFileReference; lastKnownFileType = sourcecode.swift; path = IntroView.swift; sourceTree = "<group>"; };
		9790E7DD2B05ED8C009133B4 /* OnboardingView.swift */ = {isa = PBXFileReference; lastKnownFileType = sourcecode.swift; path = OnboardingView.swift; sourceTree = "<group>"; };
		9794158A2AE7A11E0024BF4B /* carsData.json */ = {isa = PBXFileReference; lastKnownFileType = text.json; path = carsData.json; sourceTree = "<group>"; };
		979415962AE7A5D30024BF4B /* CarModel.swift */ = {isa = PBXFileReference; lastKnownFileType = sourcecode.swift; path = CarModel.swift; sourceTree = "<group>"; };
		9794159C2AE7B3290024BF4B /* CarManager.swift */ = {isa = PBXFileReference; lastKnownFileType = sourcecode.swift; path = CarManager.swift; sourceTree = "<group>"; };
		9797FD6F2AE417740014E717 /* EnvironmentObjectView.swift */ = {isa = PBXFileReference; lastKnownFileType = sourcecode.swift; path = EnvironmentObjectView.swift; sourceTree = "<group>"; };
		97A346812AAA9A0B003FA17A /* IconsBootcamp.swift */ = {isa = PBXFileReference; lastKnownFileType = sourcecode.swift; path = IconsBootcamp.swift; sourceTree = "<group>"; };
		97A346832AAAA8C8003FA17A /* ImagesBootcamp.swift */ = {isa = PBXFileReference; lastKnownFileType = sourcecode.swift; path = ImagesBootcamp.swift; sourceTree = "<group>"; };
		97AA4BF92B063EEF003E5011 /* BasicPicker.swift */ = {isa = PBXFileReference; lastKnownFileType = sourcecode.swift; path = BasicPicker.swift; sourceTree = "<group>"; };
		97AA4BFB2B0642A5003E5011 /* EnumPicker.swift */ = {isa = PBXFileReference; lastKnownFileType = sourcecode.swift; path = EnumPicker.swift; sourceTree = "<group>"; };
		97AC98322AC306A1006C69A2 /* ExtractedFunction.swift */ = {isa = PBXFileReference; lastKnownFileType = sourcecode.swift; path = ExtractedFunction.swift; sourceTree = "<group>"; };
		97AC98342AC311A3006C69A2 /* ExtractSubviewsBootcamp.swift */ = {isa = PBXFileReference; lastKnownFileType = sourcecode.swift; path = ExtractSubviewsBootcamp.swift; sourceTree = "<group>"; };
		97B4CB9B2B182BC80080F47C /* BadgesBootcamp.swift */ = {isa = PBXFileReference; lastKnownFileType = sourcecode.swift; path = BadgesBootcamp.swift; sourceTree = "<group>"; };
		97B91CB92ADE9131007E0380 /* userData.json */ = {isa = PBXFileReference; lastKnownFileType = text.json; path = userData.json; sourceTree = "<group>"; };
		97BA15B52ACD0F0A00C37792 /* TernaryBootcamp.swift */ = {isa = PBXFileReference; lastKnownFileType = sourcecode.swift; path = TernaryBootcamp.swift; sourceTree = "<group>"; };
		97BA15B82ACD3A5400C37792 /* LightTernary.swift */ = {isa = PBXFileReference; lastKnownFileType = sourcecode.swift; path = LightTernary.swift; sourceTree = "<group>"; };
		97BB21C62AEA45D800D4462C /* CartView.swift */ = {isa = PBXFileReference; lastKnownFileType = sourcecode.swift; path = CartView.swift; sourceTree = "<group>"; };
		97BC53CD2AD042C300FC25B8 /* AnimationTimingBootcamp.swift */ = {isa = PBXFileReference; lastKnownFileType = sourcecode.swift; path = AnimationTimingBootcamp.swift; sourceTree = "<group>"; };
		97BC53CF2AD0560200FC25B8 /* SpringAnimation.swift */ = {isa = PBXFileReference; lastKnownFileType = sourcecode.swift; path = SpringAnimation.swift; sourceTree = "<group>"; };
		97C1741C2AB2A14700C674DB /* TextPink.swift */ = {isa = PBXFileReference; lastKnownFileType = sourcecode.swift; path = TextPink.swift; sourceTree = "<group>"; };
		97C1741F2AB2A35000C674DB /* PinkishRegular.ttf */ = {isa = PBXFileReference; lastKnownFileType = file; path = PinkishRegular.ttf; sourceTree = "<group>"; };
		97C174212AB2A79800C674DB /* pricedown.otf */ = {isa = PBXFileReference; lastKnownFileType = file; path = pricedown.otf; sourceTree = "<group>"; };
		97CDC7D32AB2ED9700E39153 /* LazyVGridBootcamp.swift */ = {isa = PBXFileReference; lastKnownFileType = sourcecode.swift; path = LazyVGridBootcamp.swift; sourceTree = "<group>"; };
		97D660792B147F2400795AA0 /* HalamanProfil.swift */ = {isa = PBXFileReference; lastKnownFileType = sourcecode.swift; path = HalamanProfil.swift; sourceTree = "<group>"; };
		97D77D6C2ADEC1DE00B4484B /* HomeViewBuah.swift */ = {isa = PBXFileReference; lastKnownFileType = sourcecode.swift; path = HomeViewBuah.swift; sourceTree = "<group>"; };
		97D77D702ADEC21900B4484B /* ModelFruit.swift */ = {isa = PBXFileReference; lastKnownFileType = sourcecode.swift; path = ModelFruit.swift; sourceTree = "<group>"; };
		97D77D732ADEC23D00B4484B /* fruitsData.json */ = {isa = PBXFileReference; lastKnownFileType = text.json; path = fruitsData.json; sourceTree = "<group>"; };
		97D77D772ADECE4000B4484B /* FruitsListView.swift */ = {isa = PBXFileReference; lastKnownFileType = sourcecode.swift; path = FruitsListView.swift; sourceTree = "<group>"; };
		97D77D792ADECFD200B4484B /* FruitsDetail.swift */ = {isa = PBXFileReference; lastKnownFileType = sourcecode.swift; path = FruitsDetail.swift; sourceTree = "<group>"; };
		97D7EA4C2AAEE8D9001B2839 /* CardView.swift */ = {isa = PBXFileReference; lastKnownFileType = sourcecode.swift; path = CardView.swift; sourceTree = "<group>"; };
		97D7EA4E2AAEEE5A001B2839 /* CardViewKinara.swift */ = {isa = PBXFileReference; lastKnownFileType = sourcecode.swift; path = CardViewKinara.swift; sourceTree = "<group>"; };
		97DC69842AFB314900FA80FB /* AlertSingleOK.swift */ = {isa = PBXFileReference; lastKnownFileType = sourcecode.swift; path = AlertSingleOK.swift; sourceTree = "<group>"; };
		97DC69862AFB3A6800FA80FB /* AlertWithBinding.swift */ = {isa = PBXFileReference; lastKnownFileType = sourcecode.swift; path = AlertWithBinding.swift; sourceTree = "<group>"; };
		97DE09182AD4EC86007D3F48 /* NavView.swift */ = {isa = PBXFileReference; lastKnownFileType = sourcecode.swift; path = NavView.swift; sourceTree = "<group>"; };
		97DE091A2AD52354007D3F48 /* ListBootcamp.swift */ = {isa = PBXFileReference; lastKnownFileType = sourcecode.swift; path = ListBootcamp.swift; sourceTree = "<group>"; };
		97DE52342AED4E550042F319 /* ContextMenuBootcamp.swift */ = {isa = PBXFileReference; lastKnownFileType = sourcecode.swift; path = ContextMenuBootcamp.swift; sourceTree = "<group>"; };
		97DE52362AED53790042F319 /* TextfieldBootcamp.swift */ = {isa = PBXFileReference; lastKnownFileType = sourcecode.swift; path = TextfieldBootcamp.swift; sourceTree = "<group>"; };
		97DE52382AED62A50042F319 /* StepperBootcamp.swift */ = {isa = PBXFileReference; lastKnownFileType = sourcecode.swift; path = StepperBootcamp.swift; sourceTree = "<group>"; };
		97E67C9B2AAEBD75007D9E1E /* StacksBootcamp.swift */ = {isa = PBXFileReference; lastKnownFileType = sourcecode.swift; path = StacksBootcamp.swift; sourceTree = "<group>"; };
		97E67C9D2AAEBE02007D9E1E /* KinaraImage.swift */ = {isa = PBXFileReference; lastKnownFileType = sourcecode.swift; path = KinaraImage.swift; sourceTree = "<group>"; };
		97E67CA02AAECB4E007D9E1E /* StacksAlignment.swift */ = {isa = PBXFileReference; lastKnownFileType = sourcecode.swift; path = StacksAlignment.swift; sourceTree = "<group>"; };
		97E6D0712AC1BCF200824E3A /* SafeAreaBootcamp.swift */ = {isa = PBXFileReference; lastKnownFileType = sourcecode.swift; path = SafeAreaBootcamp.swift; sourceTree = "<group>"; };
		97E6D0732AC1C3D100824E3A /* ButtonBootcamp.swift */ = {isa = PBXFileReference; lastKnownFileType = sourcecode.swift; path = ButtonBootcamp.swift; sourceTree = "<group>"; };
		97E6D0762AC1D3EE00824E3A /* StateBootcamp.swift */ = {isa = PBXFileReference; lastKnownFileType = sourcecode.swift; path = StateBootcamp.swift; sourceTree = "<group>"; };
		97EA12BB2AB03D4300E40832 /* PaddingBootcamp.swift */ = {isa = PBXFileReference; lastKnownFileType = sourcecode.swift; path = PaddingBootcamp.swift; sourceTree = "<group>"; };
		97EA12BD2AB03D4E00E40832 /* SpacerBootcamp.swift */ = {isa = PBXFileReference; lastKnownFileType = sourcecode.swift; path = SpacerBootcamp.swift; sourceTree = "<group>"; };
		97EDCA8D2ABC8536004C26AC /* LazyVGridCustom.swift */ = {isa = PBXFileReference; lastKnownFileType = sourcecode.swift; path = LazyVGridCustom.swift; sourceTree = "<group>"; };
		97EDCA8F2ABC884D004C26AC /* LazyGridAdaptive.swift */ = {isa = PBXFileReference; lastKnownFileType = sourcecode.swift; path = LazyGridAdaptive.swift; sourceTree = "<group>"; };
		97F1A2902AD0F6F4001477E3 /* TransitionBootcamp.swift */ = {isa = PBXFileReference; lastKnownFileType = sourcecode.swift; path = TransitionBootcamp.swift; sourceTree = "<group>"; };
		97F9ECF52ACACCC100D1821A /* CardCircle.swift */ = {isa = PBXFileReference; lastKnownFileType = sourcecode.swift; path = CardCircle.swift; sourceTree = "<group>"; };
		97FDD6892B1858FB0013F21F /* BadgesList.swift */ = {isa = PBXFileReference; lastKnownFileType = sourcecode.swift; path = BadgesList.swift; sourceTree = "<group>"; };
		97FDD68C2B185B2D0013F21F /* TabViewBootcamp.swift */ = {isa = PBXFileReference; lastKnownFileType = sourcecode.swift; path = TabViewBootcamp.swift; sourceTree = "<group>"; };
		97FDD68E2B1862920013F21F /* SettingView.swift */ = {isa = PBXFileReference; lastKnownFileType = sourcecode.swift; path = SettingView.swift; sourceTree = "<group>"; };
/* End PBXFileReference section */

/* Begin PBXFrameworksBuildPhase section */
		978D37CF2AA76EEC00051875 /* Frameworks */ = {
			isa = PBXFrameworksBuildPhase;
			buildActionMask = 2147483647;
			files = (
			);
			runOnlyForDeploymentPostprocessing = 0;
		};
/* End PBXFrameworksBuildPhase section */

/* Begin PBXGroup section */
		97037ED82AD3983400E39682 /* Navigation */ = {
			isa = PBXGroup;
			children = (
				97037ED62AD3982E00E39682 /* NavigationViewBootcamp.swift */,
				97DE09182AD4EC86007D3F48 /* NavView.swift */,
			);
			path = Navigation;
			sourceTree = "<group>";
		};
		970D46422AB1952C00FE2559 /* InitAndEnum */ = {
			isa = PBXGroup;
			children = (
				970D463E2AB166B300FE2559 /* InitializerBootcamp.swift */,
				970D46432AB1956700FE2559 /* EnumBootcamp.swift */,
			);
			path = InitAndEnum;
			sourceTree = "<group>";
		};
		970D46472AB19BDA00FE2559 /* ForEach */ = {
			isa = PBXGroup;
			children = (
				970D46452AB19BD600FE2559 /* ForEachBootcamp.swift */,
				974E7BFC2AB1E64100AD2300 /* ForEachArray.swift */,
				970D46482AB1A2EB00FE2559 /* ForEachData.swift */,
			);
			path = ForEach;
			sourceTree = "<group>";
		};
		970DFB232ADCE5A500118E46 /* Dictionary */ = {
			isa = PBXGroup;
			children = (
				970DFB212ADCE5A000118E46 /* DictionariesView.swift */,
			);
			path = Dictionary;
			sourceTree = "<group>";
		};
		971029922AA849C8009438F2 /* Shapes */ = {
			isa = PBXGroup;
			children = (
				971029902AA849BF009438F2 /* ShapeCircle.swift */,
				9710298E2AA825C4009438F2 /* ShapesBootcamp.swift */,
				97404C1A2AA88718007F80B2 /* ShapeRectangle.swift */,
				97404C1C2AA88738007F80B2 /* ShapeRoundedRectangle.swift */,
				97404C1E2AA88AE6007F80B2 /* ShapeLoginPage.swift */,
				973CD62A2AA8C4C400B3E42A /* ShapeEllipse.swift */,
			);
			path = Shapes;
			sourceTree = "<group>";
		};
		9710E9272AAA07C0001AE36B /* Color */ = {
			isa = PBXGroup;
			children = (
				974FF5162AAD6DFF007A3840 /* LinearGradientBound.swift */,
				973CD62C2AA8C8C500B3E42A /* ColorBootcamp.swift */,
				9710E9252AAA07B6001AE36B /* GradientBootcamp.swift */,
			);
			path = Color;
			sourceTree = "<group>";
		};
		97175C052B04562400F87640 /* TrainingView */ = {
			isa = PBXGroup;
			children = (
				97175C032B04561D00F87640 /* HotelDetail.swift */,
			);
			path = TrainingView;
			sourceTree = "<group>";
		};
		971E59122ACAA9C10063E4D1 /* Conditional */ = {
			isa = PBXGroup;
			children = (
				971E59102ACA9C140063E4D1 /* ConditionalBootcamp.swift */,
				971E59152ACAAD490063E4D1 /* AkuDanKamu.swift */,
				9716A2842ACD0A27000B03F9 /* ConditionalsView.swift */,
				971E59132ACAA9D60063E4D1 /* AakuDanKamu.swift */,
			);
			path = Conditional;
			sourceTree = "<group>";
		};
		972DCCF02AABE69C00C61CCE /* Frames */ = {
			isa = PBXGroup;
			children = (
				972DCCEE2AABE68700C61CCE /* Frames.swift */,
				972DCCEC2AABE18700C61CCE /* FrameBootcamp.swift */,
			);
			path = Frames;
			sourceTree = "<group>";
		};
		972DCCF52AABF2B200C61CCE /* BackgroundAndOverlay */ = {
			isa = PBXGroup;
			children = (
				972DCCF12AABED5100C61CCE /* Background.swift */,
				972DCCF32AABF2A900C61CCE /* Overlay.swift */,
				974FF5142AAD5771007A3840 /* OverlayIcon.swift */,
				974FF5182AAD7F02007A3840 /* OverlayIconInstagram.swift */,
				9746B8492AADB9560043B26B /* OverlayCircle.swift */,
			);
			path = BackgroundAndOverlay;
			sourceTree = "<group>";
		};
		973044052AE163F000CD003A /* PropertyWrapper */ = {
			isa = PBXGroup;
			children = (
				973044062AE1640900CD003A /* StateWrapperView.swift */,
				973044082AE17C9000CD003A /* BindingWrapperView.swift */,
				973EDF052AE2AE0800D6081B /* BindingExample.swift */,
				973EDF092AE2B2CB00D6081B /* StateObjectView.swift */,
				973EDF072AE2B0E600D6081B /* ObservedObjectView.swift */,
				97565E832AE55F1A009597D4 /* EnvironmentObjectExample */,
			);
			path = PropertyWrapper;
			sourceTree = "<group>";
		};
		9739472E2B035097000DD9DF /* AppStorage */ = {
			isa = PBXGroup;
			children = (
				9739472C2B035093000DD9DF /* AppStorageBoootcamp.swift */,
			);
			path = AppStorage;
			sourceTree = "<group>";
		};
		973D09542AD2F5620050050C /* PopOver */ = {
			isa = PBXGroup;
			children = (
				973D09522AD2F0240050050C /* PopOverBootcamp.swift */,
				973D09552AD2F58A0050050C /* PopOverWithTransition.swift */,
			);
			path = PopOver;
			sourceTree = "<group>";
		};
		9744EEC22AE60EE50026D276 /* ObservableAndStateObject */ = {
			isa = PBXGroup;
			children = (
				9794158A2AE7A11E0024BF4B /* carsData.json */,
				979415962AE7A5D30024BF4B /* CarModel.swift */,
				9794159C2AE7B3290024BF4B /* CarManager.swift */,
				974A120A2AE7E6CB00493245 /* CarView.swift */,
				977CD54A2AE8040300555648 /* CitizenView.swift */,
				977CD54C2AE8075200555648 /* CitizenManager.swift */,
				977CD5502AE80F9C00555648 /* CitizenModel.swift */,
				977CD54E2AE80F0300555648 /* CitizenDetailView.swift */,
			);
			path = ObservableAndStateObject;
			sourceTree = "<group>";
		};
		9744EF622AAF100A00908F76 /* Card */ = {
			isa = PBXGroup;
			children = (
				97D7EA4C2AAEE8D9001B2839 /* CardView.swift */,
				97D7EA4E2AAEEE5A001B2839 /* CardViewKinara.swift */,
				97F9ECF52ACACCC100D1821A /* CardCircle.swift */,
				9744EF632AAF102B00908F76 /* KinaraCard.swift */,
			);
			path = Card;
			sourceTree = "<group>";
		};
		974B6A9C2AC9B1AD0095B4E7 /* BindingAndState */ = {
			isa = PBXGroup;
			children = (
				97593FBD2AC5B115004037EF /* BindingBootcamp.swift */,
				97E6D0762AC1D3EE00824E3A /* StateBootcamp.swift */,
			);
			path = BindingAndState;
			sourceTree = "<group>";
		};
		974E7C022AB1FB5300AD2300 /* ScrollView */ = {
			isa = PBXGroup;
			children = (
				974E7BFE2AB1F7B800AD2300 /* ScrollViewBootcamp.swift */,
				974E7C002AB1FB4D00AD2300 /* HorizontalScrollView.swift */,
			);
			path = ScrollView;
			sourceTree = "<group>";
		};
		97565E832AE55F1A009597D4 /* EnvironmentObjectExample */ = {
			isa = PBXGroup;
			children = (
				9797FD6F2AE417740014E717 /* EnvironmentObjectView.swift */,
				97565E862AE55F99009597D4 /* BlackView.swift */,
				97565E842AE55F47009597D4 /* NumberManager.swift */,
			);
			path = EnvironmentObjectExample;
			sourceTree = "<group>";
		};
		975D350A2ADE67D7001D4FED /* Model */ = {
			isa = PBXGroup;
			children = (
				975D35082ADE67CA001D4FED /* ModelBootcamp.swift */,
				97B91CB92ADE9131007E0380 /* userData.json */,
				975D350D2ADE72FD001D4FED /* UserModel.swift */,
				975D350F2ADE7364001D4FED /* UserListView.swift */,
				975D35112ADE7641001D4FED /* UserProfileView.swift */,
			);
			path = Model;
			sourceTree = "<group>";
		};
		975F2D332AE8ED780048E4C6 /* EnvironmentObject */ = {
			isa = PBXGroup;
			children = (
				975F2D342AE8EE110048E4C6 /* MainDashboard.swift */,
				975F2D3A2AE8F52C0048E4C6 /* DeviceDetailView.swift */,
				975F2D362AE8EE630048E4C6 /* DeviceManager.swift */,
				975F2D3C2AE901D70048E4C6 /* DeviceFinalView.swift */,
				975F2D382AE8F17B0048E4C6 /* DeviceModel.swift */,
			);
			path = EnvironmentObject;
			sourceTree = "<group>";
		};
		9767C9A62AD13A1E006167F5 /* Transitions */ = {
			isa = PBXGroup;
			children = (
				97F1A2902AD0F6F4001477E3 /* TransitionBootcamp.swift */,
				9767C9A72AD13B5C006167F5 /* MoveTransition.swift */,
				9767C9A92AD13DA1006167F5 /* OpacityTransition.swift */,
			);
			path = Transitions;
			sourceTree = "<group>";
		};
		977A6C542AB2964D005F9422 /* CustomFont */ = {
			isa = PBXGroup;
			children = (
				97C174212AB2A79800C674DB /* pricedown.otf */,
				977A6C5D2AB29730005F9422 /* pinkish */,
			);
			path = CustomFont;
			sourceTree = "<group>";
		};
		977A6C5D2AB29730005F9422 /* pinkish */ = {
			isa = PBXGroup;
			children = (
				97C1741F2AB2A35000C674DB /* PinkishRegular.ttf */,
				977A6C582AB2971E005F9422 /* PinkDisplayRegular.ttf */,
			);
			path = pinkish;
			sourceTree = "<group>";
		};
		978D37C92AA76EEB00051875 = {
			isa = PBXGroup;
			children = (
				978D37D42AA76EEC00051875 /* SwiftUIBootcamp */,
				978D37D32AA76EEC00051875 /* Products */,
			);
			sourceTree = "<group>";
		};
		978D37D32AA76EEC00051875 /* Products */ = {
			isa = PBXGroup;
			children = (
				978D37D22AA76EEC00051875 /* SwiftUIBootcamp.app */,
			);
			name = Products;
			sourceTree = "<group>";
		};
		978D37D42AA76EEC00051875 /* SwiftUIBootcamp */ = {
			isa = PBXGroup;
			children = (
				97219A7C2AEBFB25003D9D5F /* arrayExample.playground */,
				977A6C5E2AB29A2A005F9422 /* Info.plist */,
				978D37D52AA76EEC00051875 /* SwiftUIBootcampApp.swift */,
				978D37D72AA76EEC00051875 /* ContentView.swift */,
				97DE52362AED53790042F319 /* TextfieldBootcamp.swift */,
				97DE52342AED4E550042F319 /* ContextMenuBootcamp.swift */,
				97DE52382AED62A50042F319 /* StepperBootcamp.swift */,
				97AC98342AC311A3006C69A2 /* ExtractSubviewsBootcamp.swift */,
				973D09502AD2E2CE0050050C /* SheetsBootcamp.swift */,
				9760592D2B16E3F900FF1D9C /* TextSelectionBootcamp.swift */,
				97AC98322AC306A1006C69A2 /* ExtractedFunction.swift */,
				9760592F2B1723D800FF1D9C /* ButtonStyleBootcamp.swift */,
				976059292B16D86100FF1D9C /* AsyncImageBootcamp.swift */,
				976059312B1727AA00FF1D9C /* ListSwipeActionsBootcamp.swift */,
				9760592B2B16E0C100FF1D9C /* BackgorundMaterialBootcamp.swift */,
				97E6D0712AC1BCF200824E3A /* SafeAreaBootcamp.swift */,
				9758D1DE2B1872B900E6BF56 /* FocusStateBootcamp.swift */,
				978858422B18D36000D37F17 /* SubmitTextFieldBootcamp.swift */,
				97A346812AAA9A0B003FA17A /* IconsBootcamp.swift */,
				972A82F32AD7C5B00060B895 /* ActionSheetBootcamp.swift */,
				97FDD68B2B185AB70013F21F /* TabView */,
				97FDD6882B1858E50013F21F /* Badges */,
				97AA4BF82B063EC1003E5011 /* Picker */,
				9790E7DA2B05EA79009133B4 /* OnboardingViews */,
				975D350A2ADE67D7001D4FED /* Model */,
				97175C052B04562400F87640 /* TrainingView */,
				9739472E2B035097000DD9DF /* AppStorage */,
				97DC69832AFB311F00FA80FB /* Alert */,
				97BB21C52AEA458D00D4462C /* EnviObject */,
				975F2D332AE8ED780048E4C6 /* EnvironmentObject */,
				9744EEC22AE60EE50026D276 /* ObservableAndStateObject */,
				973044052AE163F000CD003A /* PropertyWrapper */,
				97D77D6B2ADEC1AD00B4484B /* ModelBuah */,
				970DFB232ADCE5A500118E46 /* Dictionary */,
				97DE091C2AD5235C007D3F48 /* List */,
				97037ED82AD3983400E39682 /* Navigation */,
				973D09542AD2F5620050050C /* PopOver */,
				9767C9A62AD13A1E006167F5 /* Transitions */,
				97BC53CC2AD0429400FC25B8 /* Animation */,
				97BA15B72ACD397600C37792 /* Ternary */,
				971E59122ACAA9C10063E4D1 /* Conditional */,
				978E1ECA2AC878AE00ACDC28 /* Sijawara */,
				974B6A9C2AC9B1AD0095B4E7 /* BindingAndState */,
				97E6D0752AC1D3D400824E3A /* Button */,
				97CDC7D52AB2F16700E39153 /* Grid */,
				977A6C542AB2964D005F9422 /* CustomFont */,
				97C1741E2AB2A14F00C674DB /* TextBootcamp */,
				974E7C022AB1FB5300AD2300 /* ScrollView */,
				970D46472AB19BDA00FE2559 /* ForEach */,
				970D46422AB1952C00FE2559 /* InitAndEnum */,
				9744EF622AAF100A00908F76 /* Card */,
				97EA12BF2AB03D5600E40832 /* PaddingAndSpacer */,
				97E67CA22AAECB57007D9E1E /* Stacks */,
				97E67C9F2AAEC116007D9E1E /* Images */,
				972DCCF52AABF2B200C61CCE /* BackgroundAndOverlay */,
				972DCCF02AABE69C00C61CCE /* Frames */,
				9710E9272AAA07C0001AE36B /* Color */,
				971029922AA849C8009438F2 /* Shapes */,
				978D37D92AA76EED00051875 /* Assets.xcassets */,
				978D37DB2AA76EED00051875 /* Preview Content */,
			);
			path = SwiftUIBootcamp;
			sourceTree = "<group>";
		};
		978D37DB2AA76EED00051875 /* Preview Content */ = {
			isa = PBXGroup;
			children = (
				978D37DC2AA76EED00051875 /* Preview Assets.xcassets */,
			);
			path = "Preview Content";
			sourceTree = "<group>";
		};
		978E1ECA2AC878AE00ACDC28 /* Sijawara */ = {
			isa = PBXGroup;
			children = (
				978E1EC82AC8748F00ACDC28 /* SijawaraDashboardClone.swift */,
				978E1ECD2AC87EBE00ACDC28 /* Dashboard.swift */,
			);
			path = Sijawara;
			sourceTree = "<group>";
		};
		9790E7DA2B05EA79009133B4 /* OnboardingViews */ = {
			isa = PBXGroup;
			children = (
				9790E7DB2B05EA97009133B4 /* IntroView.swift */,
				97D660792B147F2400795AA0 /* HalamanProfil.swift */,
				9790E7DD2B05ED8C009133B4 /* OnboardingView.swift */,
			);
			path = OnboardingViews;
			sourceTree = "<group>";
		};
		97AA4BF82B063EC1003E5011 /* Picker */ = {
			isa = PBXGroup;
			children = (
				97AA4BF92B063EEF003E5011 /* BasicPicker.swift */,
				97AA4BFB2B0642A5003E5011 /* EnumPicker.swift */,
				9780506E2B1440D300445CD4 /* PickerBootcamp.swift */,
			);
			path = Picker;
			sourceTree = "<group>";
		};
		97BA15B72ACD397600C37792 /* Ternary */ = {
			isa = PBXGroup;
			children = (
				97BA15B52ACD0F0A00C37792 /* TernaryBootcamp.swift */,
				97BA15B82ACD3A5400C37792 /* LightTernary.swift */,
			);
			path = Ternary;
			sourceTree = "<group>";
		};
		97BB21C52AEA458D00D4462C /* EnviObject */ = {
			isa = PBXGroup;
			children = (
				97BB21C62AEA45D800D4462C /* CartView.swift */,
			);
			path = EnviObject;
			sourceTree = "<group>";
		};
		97BC53CC2AD0429400FC25B8 /* Animation */ = {
			isa = PBXGroup;
			children = (
				974C1A422ACFED3D003F87E6 /* AnimationBootcamp.swift */,
				97BC53CF2AD0560200FC25B8 /* SpringAnimation.swift */,
				97BC53CD2AD042C300FC25B8 /* AnimationTimingBootcamp.swift */,
			);
			path = Animation;
			sourceTree = "<group>";
		};
		97C1741E2AB2A14F00C674DB /* TextBootcamp */ = {
			isa = PBXGroup;
			children = (
				97C1741C2AB2A14700C674DB /* TextPink.swift */,
				9710298C2AA819E4009438F2 /* TextBootcamp.swift */,
			);
			path = TextBootcamp;
			sourceTree = "<group>";
		};
		97CDC7D52AB2F16700E39153 /* Grid */ = {
			isa = PBXGroup;
			children = (
				97CDC7D32AB2ED9700E39153 /* LazyVGridBootcamp.swift */,
				97EDCA8F2ABC884D004C26AC /* LazyGridAdaptive.swift */,
				97EDCA8D2ABC8536004C26AC /* LazyVGridCustom.swift */,
			);
			path = Grid;
			sourceTree = "<group>";
		};
		97D77D6B2ADEC1AD00B4484B /* ModelBuah */ = {
			isa = PBXGroup;
			children = (
				97D77D722ADEC22000B4484B /* Resources */,
				97D77D6F2ADEC1FA00B4484B /* Model */,
				97D77D6E2ADEC1EC00B4484B /* View */,
			);
			path = ModelBuah;
			sourceTree = "<group>";
		};
		97D77D6E2ADEC1EC00B4484B /* View */ = {
			isa = PBXGroup;
			children = (
				97D77D6C2ADEC1DE00B4484B /* HomeViewBuah.swift */,
				97D77D792ADECFD200B4484B /* FruitsDetail.swift */,
				97D77D772ADECE4000B4484B /* FruitsListView.swift */,
			);
			path = View;
			sourceTree = "<group>";
		};
		97D77D6F2ADEC1FA00B4484B /* Model */ = {
			isa = PBXGroup;
			children = (
				97D77D702ADEC21900B4484B /* ModelFruit.swift */,
			);
			path = Model;
			sourceTree = "<group>";
		};
		97D77D722ADEC22000B4484B /* Resources */ = {
			isa = PBXGroup;
			children = (
				97D77D732ADEC23D00B4484B /* fruitsData.json */,
			);
			path = Resources;
			sourceTree = "<group>";
		};
		97DC69832AFB311F00FA80FB /* Alert */ = {
			isa = PBXGroup;
			children = (
				9739472A2B034D73000DD9DF /* AlertTraining.swift */,
				9755CE572AD55FD20008EE7D /* AlertBootcamp.swift */,
				97DC69862AFB3A6800FA80FB /* AlertWithBinding.swift */,
				97DC69842AFB314900FA80FB /* AlertSingleOK.swift */,
			);
			path = Alert;
			sourceTree = "<group>";
		};
		97DE091C2AD5235C007D3F48 /* List */ = {
			isa = PBXGroup;
			children = (
				97DE091A2AD52354007D3F48 /* ListBootcamp.swift */,
			);
			path = List;
			sourceTree = "<group>";
		};
		97E67C9F2AAEC116007D9E1E /* Images */ = {
			isa = PBXGroup;
			children = (
				97A346832AAAA8C8003FA17A /* ImagesBootcamp.swift */,
				97E67C9D2AAEBE02007D9E1E /* KinaraImage.swift */,
			);
			path = Images;
			sourceTree = "<group>";
		};
		97E67CA22AAECB57007D9E1E /* Stacks */ = {
			isa = PBXGroup;
			children = (
				97E67C9B2AAEBD75007D9E1E /* StacksBootcamp.swift */,
				97E67CA02AAECB4E007D9E1E /* StacksAlignment.swift */,
				978D520C2AAF6A6C00C59F54 /* FloopyDiskStack.swift */,
			);
			path = Stacks;
			sourceTree = "<group>";
		};
		97E6D0752AC1D3D400824E3A /* Button */ = {
			isa = PBXGroup;
			children = (
				97E6D0732AC1C3D100824E3A /* ButtonBootcamp.swift */,
			);
			path = Button;
			sourceTree = "<group>";
		};
		97EA12BF2AB03D5600E40832 /* PaddingAndSpacer */ = {
			isa = PBXGroup;
			children = (
				97EA12BB2AB03D4300E40832 /* PaddingBootcamp.swift */,
				97EA12BD2AB03D4E00E40832 /* SpacerBootcamp.swift */,
				9783ABA92AB0AA1B004629E6 /* SpacerExampleInstagram.swift */,
			);
			path = PaddingAndSpacer;
			sourceTree = "<group>";
		};
		97FDD6882B1858E50013F21F /* Badges */ = {
			isa = PBXGroup;
			children = (
				97B4CB9B2B182BC80080F47C /* BadgesBootcamp.swift */,
				97FDD6892B1858FB0013F21F /* BadgesList.swift */,
			);
			path = Badges;
			sourceTree = "<group>";
		};
		97FDD68B2B185AB70013F21F /* TabView */ = {
			isa = PBXGroup;
			children = (
				97FDD68C2B185B2D0013F21F /* TabViewBootcamp.swift */,
				97FDD68E2B1862920013F21F /* SettingView.swift */,
				978858402B18B6A400D37F17 /* CustomTabView.swift */,
			);
			path = TabView;
			sourceTree = "<group>";
		};
/* End PBXGroup section */

/* Begin PBXNativeTarget section */
		978D37D12AA76EEC00051875 /* SwiftUIBootcamp */ = {
			isa = PBXNativeTarget;
			buildConfigurationList = 978D37E02AA76EED00051875 /* Build configuration list for PBXNativeTarget "SwiftUIBootcamp" */;
			buildPhases = (
				978D37CE2AA76EEC00051875 /* Sources */,
				978D37CF2AA76EEC00051875 /* Frameworks */,
				978D37D02AA76EEC00051875 /* Resources */,
			);
			buildRules = (
			);
			dependencies = (
			);
			name = SwiftUIBootcamp;
			productName = SwiftUIBootcamp;
			productReference = 978D37D22AA76EEC00051875 /* SwiftUIBootcamp.app */;
			productType = "com.apple.product-type.application";
		};
/* End PBXNativeTarget section */

/* Begin PBXProject section */
		978D37CA2AA76EEB00051875 /* Project object */ = {
			isa = PBXProject;
			attributes = {
				BuildIndependentTargetsInParallel = 1;
				LastSwiftUpdateCheck = 1430;
				LastUpgradeCheck = 1500;
				TargetAttributes = {
					978D37D12AA76EEC00051875 = {
						CreatedOnToolsVersion = 14.3.1;
					};
				};
			};
			buildConfigurationList = 978D37CD2AA76EEB00051875 /* Build configuration list for PBXProject "SwiftUIBootcamp" */;
			compatibilityVersion = "Xcode 14.0";
			developmentRegion = en;
			hasScannedForEncodings = 0;
			knownRegions = (
				en,
				Base,
			);
			mainGroup = 978D37C92AA76EEB00051875;
			productRefGroup = 978D37D32AA76EEC00051875 /* Products */;
			projectDirPath = "";
			projectRoot = "";
			targets = (
				978D37D12AA76EEC00051875 /* SwiftUIBootcamp */,
			);
		};
/* End PBXProject section */

/* Begin PBXResourcesBuildPhase section */
		978D37D02AA76EEC00051875 /* Resources */ = {
			isa = PBXResourcesBuildPhase;
			buildActionMask = 2147483647;
			files = (
				9794158B2AE7A11E0024BF4B /* carsData.json in Resources */,
				977A6C5C2AB2971E005F9422 /* PinkDisplayRegular.ttf in Resources */,
				978D37DD2AA76EED00051875 /* Preview Assets.xcassets in Resources */,
				97D77D742ADEC23D00B4484B /* fruitsData.json in Resources */,
				97C174202AB2A35000C674DB /* PinkishRegular.ttf in Resources */,
				97C174222AB2A79800C674DB /* pricedown.otf in Resources */,
				97B91CBA2ADE9131007E0380 /* userData.json in Resources */,
				978D37DA2AA76EED00051875 /* Assets.xcassets in Resources */,
			);
			runOnlyForDeploymentPostprocessing = 0;
		};
/* End PBXResourcesBuildPhase section */

/* Begin PBXSourcesBuildPhase section */
		978D37CE2AA76EEC00051875 /* Sources */ = {
			isa = PBXSourcesBuildPhase;
			buildActionMask = 2147483647;
			files = (
				97CDC7D42AB2ED9700E39153 /* LazyVGridBootcamp.swift in Sources */,
				97E67CA12AAECB4E007D9E1E /* StacksAlignment.swift in Sources */,
				97BA15B62ACD0F0A00C37792 /* TernaryBootcamp.swift in Sources */,
				97C1741D2AB2A14700C674DB /* TextPink.swift in Sources */,
				97EA12BE2AB03D4E00E40832 /* SpacerBootcamp.swift in Sources */,
				97AC98332AC306A1006C69A2 /* ExtractedFunction.swift in Sources */,
				975D35092ADE67CA001D4FED /* ModelBootcamp.swift in Sources */,
				97E6D0742AC1C3D100824E3A /* ButtonBootcamp.swift in Sources */,
				97EDCA8E2ABC8536004C26AC /* LazyVGridCustom.swift in Sources */,
				971E59142ACAA9D60063E4D1 /* AakuDanKamu.swift in Sources */,
				9760592C2B16E0C100FF1D9C /* BackgorundMaterialBootcamp.swift in Sources */,
				97DC69852AFB314900FA80FB /* AlertSingleOK.swift in Sources */,
				972DCCED2AABE18700C61CCE /* FrameBootcamp.swift in Sources */,
				974E7C012AB1FB4D00AD2300 /* HorizontalScrollView.swift in Sources */,
				973D09562AD2F58A0050050C /* PopOverWithTransition.swift in Sources */,
				975F2D3D2AE901D70048E4C6 /* DeviceFinalView.swift in Sources */,
				97DC69872AFB3A6800FA80FB /* AlertWithBinding.swift in Sources */,
				973EDF082AE2B0E600D6081B /* ObservedObjectView.swift in Sources */,
				97565E872AE55F99009597D4 /* BlackView.swift in Sources */,
				97DE52372AED53790042F319 /* TextfieldBootcamp.swift in Sources */,
				9760592E2B16E3F900FF1D9C /* TextSelectionBootcamp.swift in Sources */,
				974C1A432ACFED3D003F87E6 /* AnimationBootcamp.swift in Sources */,
				9755CE582AD55FD20008EE7D /* AlertBootcamp.swift in Sources */,
				970D46442AB1956700FE2559 /* EnumBootcamp.swift in Sources */,
				97BA15B92ACD3A5400C37792 /* LightTernary.swift in Sources */,
				97D77D6D2ADEC1DE00B4484B /* HomeViewBuah.swift in Sources */,
				978858432B18D36000D37F17 /* SubmitTextFieldBootcamp.swift in Sources */,
				974A120B2AE7E6CB00493245 /* CarView.swift in Sources */,
				973EDF0A2AE2B2CB00D6081B /* StateObjectView.swift in Sources */,
				973044072AE1640900CD003A /* StateWrapperView.swift in Sources */,
				970D46462AB19BD600FE2559 /* ForEachBootcamp.swift in Sources */,
				973CD62D2AA8C8C500B3E42A /* ColorBootcamp.swift in Sources */,
				973D09512AD2E2CE0050050C /* SheetsBootcamp.swift in Sources */,
				971E59112ACA9C140063E4D1 /* ConditionalBootcamp.swift in Sources */,
				975F2D352AE8EE110048E4C6 /* MainDashboard.swift in Sources */,
				9767C9A82AD13B5C006167F5 /* MoveTransition.swift in Sources */,
				979415972AE7A5D30024BF4B /* CarModel.swift in Sources */,
				974E7BFF2AB1F7B800AD2300 /* ScrollViewBootcamp.swift in Sources */,
				972DCCEF2AABE68700C61CCE /* Frames.swift in Sources */,
				9710298F2AA825C4009438F2 /* ShapesBootcamp.swift in Sources */,
				9746B84A2AADB9560043B26B /* OverlayCircle.swift in Sources */,
				97593FBE2AC5B115004037EF /* BindingBootcamp.swift in Sources */,
				973CD62B2AA8C4C400B3E42A /* ShapeEllipse.swift in Sources */,
				97D77D7A2ADECFD200B4484B /* FruitsDetail.swift in Sources */,
				97A346822AAA9A0B003FA17A /* IconsBootcamp.swift in Sources */,
				9790E7DE2B05ED8C009133B4 /* OnboardingView.swift in Sources */,
				971029912AA849BF009438F2 /* ShapeCircle.swift in Sources */,
				97E67C9E2AAEBE02007D9E1E /* KinaraImage.swift in Sources */,
				975D35102ADE7364001D4FED /* UserListView.swift in Sources */,
				977CD54F2AE80F0300555648 /* CitizenDetailView.swift in Sources */,
				9797FD702AE417740014E717 /* EnvironmentObjectView.swift in Sources */,
				974FF5152AAD5771007A3840 /* OverlayIcon.swift in Sources */,
				97BC53D02AD0560200FC25B8 /* SpringAnimation.swift in Sources */,
				9767C9AA2AD13DA1006167F5 /* OpacityTransition.swift in Sources */,
				9780506F2B1440D300445CD4 /* PickerBootcamp.swift in Sources */,
				978D37D82AA76EEC00051875 /* ContentView.swift in Sources */,
				975F2D372AE8EE630048E4C6 /* DeviceManager.swift in Sources */,
				977CD54B2AE8040300555648 /* CitizenView.swift in Sources */,
				970DFB222ADCE5A000118E46 /* DictionariesView.swift in Sources */,
				970D463F2AB166B300FE2559 /* InitializerBootcamp.swift in Sources */,
				974E7BFD2AB1E64100AD2300 /* ForEachArray.swift in Sources */,
				97D6607A2B147F2400795AA0 /* HalamanProfil.swift in Sources */,
				97BB21C72AEA45D800D4462C /* CartView.swift in Sources */,
				97404C1B2AA88718007F80B2 /* ShapeRectangle.swift in Sources */,
				9794159D2AE7B3290024BF4B /* CarManager.swift in Sources */,
				97FDD68D2B185B2D0013F21F /* TabViewBootcamp.swift in Sources */,
				97404C1D2AA88738007F80B2 /* ShapeRoundedRectangle.swift in Sources */,
				97E6D0772AC1D3EE00824E3A /* StateBootcamp.swift in Sources */,
				97D7EA4D2AAEE8D9001B2839 /* CardView.swift in Sources */,
				9760592A2B16D86100FF1D9C /* AsyncImageBootcamp.swift in Sources */,
				978858412B18B6A400D37F17 /* CustomTabView.swift in Sources */,
				975D35122ADE7641001D4FED /* UserProfileView.swift in Sources */,
				977CD54D2AE8075200555648 /* CitizenManager.swift in Sources */,
				97BC53CE2AD042C300FC25B8 /* AnimationTimingBootcamp.swift in Sources */,
				972DCCF22AABED5100C61CCE /* Background.swift in Sources */,
				973044092AE17C9000CD003A /* BindingWrapperView.swift in Sources */,
				975D350E2ADE72FD001D4FED /* UserModel.swift in Sources */,
				9739472B2B034D73000DD9DF /* AlertTraining.swift in Sources */,
				973D09532AD2F0240050050C /* PopOverBootcamp.swift in Sources */,
				972A82F42AD7C5B00060B895 /* ActionSheetBootcamp.swift in Sources */,
				973EDF062AE2AE0800D6081B /* BindingExample.swift in Sources */,
				97A346842AAAA8C8003FA17A /* ImagesBootcamp.swift in Sources */,
				978E1EC92AC8748F00ACDC28 /* SijawaraDashboardClone.swift in Sources */,
				97DE52392AED62A50042F319 /* StepperBootcamp.swift in Sources */,
				9710E9262AAA07B6001AE36B /* GradientBootcamp.swift in Sources */,
				977CD5512AE80F9C00555648 /* CitizenModel.swift in Sources */,
				976059322B1727AA00FF1D9C /* ListSwipeActionsBootcamp.swift in Sources */,
				970D46492AB1A2EB00FE2559 /* ForEachData.swift in Sources */,
				97D77D782ADECE4000B4484B /* FruitsListView.swift in Sources */,
				975F2D3B2AE8F52C0048E4C6 /* DeviceDetailView.swift in Sources */,
				97DE52352AED4E550042F319 /* ContextMenuBootcamp.swift in Sources */,
				9790E7DC2B05EA97009133B4 /* IntroView.swift in Sources */,
				97AC98352AC311A3006C69A2 /* ExtractSubviewsBootcamp.swift in Sources */,
				974FF5192AAD7F02007A3840 /* OverlayIconInstagram.swift in Sources */,
				9758D1DF2B1872B900E6BF56 /* FocusStateBootcamp.swift in Sources */,
				9710298D2AA819E4009438F2 /* TextBootcamp.swift in Sources */,
				97D7EA4F2AAEEE5A001B2839 /* CardViewKinara.swift in Sources */,
				97404C1F2AA88AE6007F80B2 /* ShapeLoginPage.swift in Sources */,
				9739472D2B035093000DD9DF /* AppStorageBoootcamp.swift in Sources */,
				97F9ECF62ACACCC100D1821A /* CardCircle.swift in Sources */,
				97FDD68F2B1862920013F21F /* SettingView.swift in Sources */,
				97175C042B04561D00F87640 /* HotelDetail.swift in Sources */,
				97DE09192AD4EC86007D3F48 /* NavView.swift in Sources */,
				975F2D392AE8F17B0048E4C6 /* DeviceModel.swift in Sources */,
				97DE091B2AD52354007D3F48 /* ListBootcamp.swift in Sources */,
				9716A2852ACD0A27000B03F9 /* ConditionalsView.swift in Sources */,
				9744EF642AAF102B00908F76 /* KinaraCard.swift in Sources */,
				9783ABAA2AB0AA1B004629E6 /* SpacerExampleInstagram.swift in Sources */,
				974FF5172AAD6DFF007A3840 /* LinearGradientBound.swift in Sources */,
				97F1A2912AD0F6F4001477E3 /* TransitionBootcamp.swift in Sources */,
				978E1ECE2AC87EBE00ACDC28 /* Dashboard.swift in Sources */,
				97D77D712ADEC21900B4484B /* ModelFruit.swift in Sources */,
				971E59162ACAAD490063E4D1 /* AkuDanKamu.swift in Sources */,
				97EA12BC2AB03D4300E40832 /* PaddingBootcamp.swift in Sources */,
				97AA4BFA2B063EEF003E5011 /* BasicPicker.swift in Sources */,
				97B4CB9C2B182BC80080F47C /* BadgesBootcamp.swift in Sources */,
				97E67C9C2AAEBD75007D9E1E /* StacksBootcamp.swift in Sources */,
				97E6D0722AC1BCF200824E3A /* SafeAreaBootcamp.swift in Sources */,
				97FDD68A2B1858FB0013F21F /* BadgesList.swift in Sources */,
				978D37D62AA76EEC00051875 /* SwiftUIBootcampApp.swift in Sources */,
				97565E852AE55F47009597D4 /* NumberManager.swift in Sources */,
				97037ED72AD3982E00E39682 /* NavigationViewBootcamp.swift in Sources */,
				97EDCA902ABC884D004C26AC /* LazyGridAdaptive.swift in Sources */,
				978D520D2AAF6A6C00C59F54 /* FloopyDiskStack.swift in Sources */,
				97AA4BFC2B0642A5003E5011 /* EnumPicker.swift in Sources */,
				976059302B1723D800FF1D9C /* ButtonStyleBootcamp.swift in Sources */,
				972DCCF42AABF2A900C61CCE /* Overlay.swift in Sources */,
			);
			runOnlyForDeploymentPostprocessing = 0;
		};
/* End PBXSourcesBuildPhase section */

/* Begin XCBuildConfiguration section */
		978D37DE2AA76EED00051875 /* Debug */ = {
			isa = XCBuildConfiguration;
			buildSettings = {
				ALWAYS_SEARCH_USER_PATHS = NO;
				ASSETCATALOG_COMPILER_GENERATE_SWIFT_ASSET_SYMBOL_EXTENSIONS = YES;
				CLANG_ANALYZER_NONNULL = YES;
				CLANG_ANALYZER_NUMBER_OBJECT_CONVERSION = YES_AGGRESSIVE;
				CLANG_CXX_LANGUAGE_STANDARD = "gnu++20";
				CLANG_ENABLE_MODULES = YES;
				CLANG_ENABLE_OBJC_ARC = YES;
				CLANG_ENABLE_OBJC_WEAK = YES;
				CLANG_WARN_BLOCK_CAPTURE_AUTORELEASING = YES;
				CLANG_WARN_BOOL_CONVERSION = YES;
				CLANG_WARN_COMMA = YES;
				CLANG_WARN_CONSTANT_CONVERSION = YES;
				CLANG_WARN_DEPRECATED_OBJC_IMPLEMENTATIONS = YES;
				CLANG_WARN_DIRECT_OBJC_ISA_USAGE = YES_ERROR;
				CLANG_WARN_DOCUMENTATION_COMMENTS = YES;
				CLANG_WARN_EMPTY_BODY = YES;
				CLANG_WARN_ENUM_CONVERSION = YES;
				CLANG_WARN_INFINITE_RECURSION = YES;
				CLANG_WARN_INT_CONVERSION = YES;
				CLANG_WARN_NON_LITERAL_NULL_CONVERSION = YES;
				CLANG_WARN_OBJC_IMPLICIT_RETAIN_SELF = YES;
				CLANG_WARN_OBJC_LITERAL_CONVERSION = YES;
				CLANG_WARN_OBJC_ROOT_CLASS = YES_ERROR;
				CLANG_WARN_QUOTED_INCLUDE_IN_FRAMEWORK_HEADER = YES;
				CLANG_WARN_RANGE_LOOP_ANALYSIS = YES;
				CLANG_WARN_STRICT_PROTOTYPES = YES;
				CLANG_WARN_SUSPICIOUS_MOVE = YES;
				CLANG_WARN_UNGUARDED_AVAILABILITY = YES_AGGRESSIVE;
				CLANG_WARN_UNREACHABLE_CODE = YES;
				CLANG_WARN__DUPLICATE_METHOD_MATCH = YES;
				COPY_PHASE_STRIP = NO;
				DEBUG_INFORMATION_FORMAT = dwarf;
				ENABLE_STRICT_OBJC_MSGSEND = YES;
				ENABLE_TESTABILITY = YES;
				ENABLE_USER_SCRIPT_SANDBOXING = YES;
				GCC_C_LANGUAGE_STANDARD = gnu11;
				GCC_DYNAMIC_NO_PIC = NO;
				GCC_NO_COMMON_BLOCKS = YES;
				GCC_OPTIMIZATION_LEVEL = 0;
				GCC_PREPROCESSOR_DEFINITIONS = (
					"DEBUG=1",
					"$(inherited)",
				);
				GCC_WARN_64_TO_32_BIT_CONVERSION = YES;
				GCC_WARN_ABOUT_RETURN_TYPE = YES_ERROR;
				GCC_WARN_UNDECLARED_SELECTOR = YES;
				GCC_WARN_UNINITIALIZED_AUTOS = YES_AGGRESSIVE;
				GCC_WARN_UNUSED_FUNCTION = YES;
				GCC_WARN_UNUSED_VARIABLE = YES;
				IPHONEOS_DEPLOYMENT_TARGET = 17.0;
				MTL_ENABLE_DEBUG_INFO = INCLUDE_SOURCE;
				MTL_FAST_MATH = YES;
				ONLY_ACTIVE_ARCH = YES;
				SDKROOT = iphoneos;
				SWIFT_ACTIVE_COMPILATION_CONDITIONS = DEBUG;
				SWIFT_OPTIMIZATION_LEVEL = "-Onone";
			};
			name = Debug;
		};
		978D37DF2AA76EED00051875 /* Release */ = {
			isa = XCBuildConfiguration;
			buildSettings = {
				ALWAYS_SEARCH_USER_PATHS = NO;
				ASSETCATALOG_COMPILER_GENERATE_SWIFT_ASSET_SYMBOL_EXTENSIONS = YES;
				CLANG_ANALYZER_NONNULL = YES;
				CLANG_ANALYZER_NUMBER_OBJECT_CONVERSION = YES_AGGRESSIVE;
				CLANG_CXX_LANGUAGE_STANDARD = "gnu++20";
				CLANG_ENABLE_MODULES = YES;
				CLANG_ENABLE_OBJC_ARC = YES;
				CLANG_ENABLE_OBJC_WEAK = YES;
				CLANG_WARN_BLOCK_CAPTURE_AUTORELEASING = YES;
				CLANG_WARN_BOOL_CONVERSION = YES;
				CLANG_WARN_COMMA = YES;
				CLANG_WARN_CONSTANT_CONVERSION = YES;
				CLANG_WARN_DEPRECATED_OBJC_IMPLEMENTATIONS = YES;
				CLANG_WARN_DIRECT_OBJC_ISA_USAGE = YES_ERROR;
				CLANG_WARN_DOCUMENTATION_COMMENTS = YES;
				CLANG_WARN_EMPTY_BODY = YES;
				CLANG_WARN_ENUM_CONVERSION = YES;
				CLANG_WARN_INFINITE_RECURSION = YES;
				CLANG_WARN_INT_CONVERSION = YES;
				CLANG_WARN_NON_LITERAL_NULL_CONVERSION = YES;
				CLANG_WARN_OBJC_IMPLICIT_RETAIN_SELF = YES;
				CLANG_WARN_OBJC_LITERAL_CONVERSION = YES;
				CLANG_WARN_OBJC_ROOT_CLASS = YES_ERROR;
				CLANG_WARN_QUOTED_INCLUDE_IN_FRAMEWORK_HEADER = YES;
				CLANG_WARN_RANGE_LOOP_ANALYSIS = YES;
				CLANG_WARN_STRICT_PROTOTYPES = YES;
				CLANG_WARN_SUSPICIOUS_MOVE = YES;
				CLANG_WARN_UNGUARDED_AVAILABILITY = YES_AGGRESSIVE;
				CLANG_WARN_UNREACHABLE_CODE = YES;
				CLANG_WARN__DUPLICATE_METHOD_MATCH = YES;
				COPY_PHASE_STRIP = NO;
				DEBUG_INFORMATION_FORMAT = "dwarf-with-dsym";
				ENABLE_NS_ASSERTIONS = NO;
				ENABLE_STRICT_OBJC_MSGSEND = YES;
				ENABLE_USER_SCRIPT_SANDBOXING = YES;
				GCC_C_LANGUAGE_STANDARD = gnu11;
				GCC_NO_COMMON_BLOCKS = YES;
				GCC_WARN_64_TO_32_BIT_CONVERSION = YES;
				GCC_WARN_ABOUT_RETURN_TYPE = YES_ERROR;
				GCC_WARN_UNDECLARED_SELECTOR = YES;
				GCC_WARN_UNINITIALIZED_AUTOS = YES_AGGRESSIVE;
				GCC_WARN_UNUSED_FUNCTION = YES;
				GCC_WARN_UNUSED_VARIABLE = YES;
				IPHONEOS_DEPLOYMENT_TARGET = 17.0;
				MTL_ENABLE_DEBUG_INFO = NO;
				MTL_FAST_MATH = YES;
				SDKROOT = iphoneos;
				SWIFT_COMPILATION_MODE = wholemodule;
				SWIFT_OPTIMIZATION_LEVEL = "-O";
				VALIDATE_PRODUCT = YES;
			};
			name = Release;
		};
		978D37E12AA76EED00051875 /* Debug */ = {
			isa = XCBuildConfiguration;
			buildSettings = {
				ASSETCATALOG_COMPILER_APPICON_NAME = AppIcon;
				ASSETCATALOG_COMPILER_GLOBAL_ACCENT_COLOR_NAME = AccentColor;
				CODE_SIGN_STYLE = Automatic;
				CURRENT_PROJECT_VERSION = 1;
				DEVELOPMENT_ASSET_PATHS = "\"SwiftUIBootcamp/Preview Content\"";
				DEVELOPMENT_TEAM = QJQ34B36FU;
				ENABLE_PREVIEWS = YES;
				GENERATE_INFOPLIST_FILE = YES;
				INFOPLIST_FILE = SwiftUIBootcamp/Info.plist;
				INFOPLIST_KEY_CFBundleDisplayName = Onboard;
				INFOPLIST_KEY_LSApplicationCategoryType = "public.app-category.education";
				INFOPLIST_KEY_UIApplicationSceneManifest_Generation = YES;
				INFOPLIST_KEY_UIApplicationSupportsIndirectInputEvents = YES;
				INFOPLIST_KEY_UILaunchScreen_Generation = YES;
				INFOPLIST_KEY_UISupportedInterfaceOrientations_iPad = "UIInterfaceOrientationPortrait UIInterfaceOrientationPortraitUpsideDown UIInterfaceOrientationLandscapeLeft UIInterfaceOrientationLandscapeRight";
				INFOPLIST_KEY_UISupportedInterfaceOrientations_iPhone = "UIInterfaceOrientationPortrait UIInterfaceOrientationLandscapeLeft UIInterfaceOrientationLandscapeRight";
				IPHONEOS_DEPLOYMENT_TARGET = 17.0;
				LD_RUNPATH_SEARCH_PATHS = (
					"$(inherited)",
					"@executable_path/Frameworks",
				);
				MARKETING_VERSION = 1.0;
				PRODUCT_BUNDLE_IDENTIFIER = com.example.SwiftUIBootcamp;
				PRODUCT_NAME = "$(TARGET_NAME)";
				SWIFT_EMIT_LOC_STRINGS = YES;
				SWIFT_VERSION = 5.0;
				TARGETED_DEVICE_FAMILY = "1,2";
			};
			name = Debug;
		};
		978D37E22AA76EED00051875 /* Release */ = {
			isa = XCBuildConfiguration;
			buildSettings = {
				ASSETCATALOG_COMPILER_APPICON_NAME = AppIcon;
				ASSETCATALOG_COMPILER_GLOBAL_ACCENT_COLOR_NAME = AccentColor;
				CODE_SIGN_STYLE = Automatic;
				CURRENT_PROJECT_VERSION = 1;
				DEVELOPMENT_ASSET_PATHS = "\"SwiftUIBootcamp/Preview Content\"";
				DEVELOPMENT_TEAM = QJQ34B36FU;
				ENABLE_PREVIEWS = YES;
				GENERATE_INFOPLIST_FILE = YES;
				INFOPLIST_FILE = SwiftUIBootcamp/Info.plist;
				INFOPLIST_KEY_CFBundleDisplayName = Onboard;
				INFOPLIST_KEY_LSApplicationCategoryType = "public.app-category.education";
				INFOPLIST_KEY_UIApplicationSceneManifest_Generation = YES;
				INFOPLIST_KEY_UIApplicationSupportsIndirectInputEvents = YES;
				INFOPLIST_KEY_UILaunchScreen_Generation = YES;
				INFOPLIST_KEY_UISupportedInterfaceOrientations_iPad = "UIInterfaceOrientationPortrait UIInterfaceOrientationPortraitUpsideDown UIInterfaceOrientationLandscapeLeft UIInterfaceOrientationLandscapeRight";
				INFOPLIST_KEY_UISupportedInterfaceOrientations_iPhone = "UIInterfaceOrientationPortrait UIInterfaceOrientationLandscapeLeft UIInterfaceOrientationLandscapeRight";
				IPHONEOS_DEPLOYMENT_TARGET = 17.0;
				LD_RUNPATH_SEARCH_PATHS = (
					"$(inherited)",
					"@executable_path/Frameworks",
				);
				MARKETING_VERSION = 1.0;
				PRODUCT_BUNDLE_IDENTIFIER = com.example.SwiftUIBootcamp;
				PRODUCT_NAME = "$(TARGET_NAME)";
				SWIFT_EMIT_LOC_STRINGS = YES;
				SWIFT_VERSION = 5.0;
				TARGETED_DEVICE_FAMILY = "1,2";
			};
			name = Release;
		};
/* End XCBuildConfiguration section */

/* Begin XCConfigurationList section */
		978D37CD2AA76EEB00051875 /* Build configuration list for PBXProject "SwiftUIBootcamp" */ = {
			isa = XCConfigurationList;
			buildConfigurations = (
				978D37DE2AA76EED00051875 /* Debug */,
				978D37DF2AA76EED00051875 /* Release */,
			);
			defaultConfigurationIsVisible = 0;
			defaultConfigurationName = Release;
		};
		978D37E02AA76EED00051875 /* Build configuration list for PBXNativeTarget "SwiftUIBootcamp" */ = {
			isa = XCConfigurationList;
			buildConfigurations = (
				978D37E12AA76EED00051875 /* Debug */,
				978D37E22AA76EED00051875 /* Release */,
			);
			defaultConfigurationIsVisible = 0;
			defaultConfigurationName = Release;
		};
/* End XCConfigurationList section */
	};
	rootObject = 978D37CA2AA76EEB00051875 /* Project object */;
}
